{
  "version": 4,
  "terraform_version": "0.13.5",
  "serial": 236,
  "lineage": "f745e257-b7c6-df9a-3f25-4897f089d36d",
  "outputs": {},
  "resources": [
    {
      "mode": "data",
      "type": "aws_eks_cluster",
      "name": "cluster",
      "provider": "provider[\"registry.terraform.io/hashicorp/aws\"]",
      "instances": [
        {
          "schema_version": 0,
          "attributes": {
            "arn": "arn:aws:eks:us-east-1:341422841066:cluster/my-eks-cluster",
            "certificate_authority": [
              {
                "data": "LS0tLS1CRUdJTiBDRVJUSUZJQ0FURS0tLS0tCk1JSUN5RENDQWJDZ0F3SUJBZ0lCQURBTkJna3Foa2lHOXcwQkFRc0ZBREFWTVJNd0VRWURWUVFERXdwcmRXSmwKY201bGRHVnpNQjRYRFRJd01URXdOekl6TURNMU4xb1hEVE13TVRFd05USXpNRE0xTjFvd0ZURVRNQkVHQTFVRQpBeE1LYTNWaVpYSnVaWFJsY3pDQ0FTSXdEUVlKS29aSWh2Y05BUUVCQlFBRGdnRVBBRENDQVFvQ2dnRUJBTEY0ClhOS0FPUityRkUwOEpqU2xBeW1pc2lNeWZlYjdjbGNmL1FsRVNpWDNCa1ViZTdEOGVNdS93MGJWOWM2T3ZaMTAKTHh6RE9mS21pT1IzVVdiSHZ5anZ4bmJxZVdiZDI0K2FFZnhJYVNjbVUyT0lscmhpMDBoaWlMVVVTa0tDbFo1ZQo4dEJWOW1rdU1vNC95dCtxMG5kZTNBYlBrZ3R1cENXbWd3NVhlR1RrSFRKWXl3MTlsc0lkbmlMR2hvcHNiaFJPCktTOWFlYVhLUW1ZVFBpNmtOckdyTGhKY1pqTkhyQ2tpY1hMVzNIaTg1UUx1M003a2ZkQzYzeEgxVmkvVHdMV2YKUmVUWG1KYkhtOWNNSk1pbVJGZmVLdlZUeUVCb2JSZDg5TFQ5ajZLWU5WSzRjY3VLeDhLaU9SZnNmeER2RlRYRApEUnNpUy91ZWJYZkZRQi9zeFFjQ0F3RUFBYU1qTUNFd0RnWURWUjBQQVFIL0JBUURBZ0trTUE4R0ExVWRFd0VCCi93UUZNQU1CQWY4d0RRWUpLb1pJaHZjTkFRRUxCUUFEZ2dFQkFLb0lVQWhRQjBuTlJNZlRKdGh3a3RLQW5YRUkKaDliWndzekVaWGp1NU56OTFSSytuOUNtM3N4QitaeVB3enlNbU9vM1pBY01HR2pxTXdpM0ZYNG82NGdxcFB0eQo1aER3M0RUV2JlYStmYjFBb1h6cW5Bc01rbmpaU0lwU0w4eEpJUEtPekFwbVdhdnpvT2dXOUJpVHQxM0ZURGx3Cm54YzFvOGpKNGtZL2tEWTRLYmZqOFZMUk41Q25nZ244MjdKdWNmWU5zOHhvVU9xQ1lZeWlldjFvekhwOEpkcVIKKytybVFxeGsxZ0cyQ1RZWWJxUXBpdWRuWk9CZHJUMmMwNjZBUThVZVRCL2Z3ekRNVW5jdzB3Q3dVYzhmL3huNwpGSy92cmVkQTUvTUhJTVovdm5xcTRseVlEZkd2NFU1WElpbFdHcUY0eG1qSXFtV0NiZnovdThmNUlJST0KLS0tLS1FTkQgQ0VSVElGSUNBVEUtLS0tLQo="
              }
            ],
            "created_at": "2020-11-07 22:54:17.67 +0000 UTC",
            "enabled_cluster_log_types": [],
            "endpoint": "https://82E66C14E9B7EF683F3812A288F50D40.gr7.us-east-1.eks.amazonaws.com",
            "id": "my-eks-cluster",
            "identity": [
              {
                "oidc": [
                  {
                    "issuer": "https://oidc.eks.us-east-1.amazonaws.com/id/82E66C14E9B7EF683F3812A288F50D40"
                  }
                ]
              }
            ],
            "name": "my-eks-cluster",
            "platform_version": "eks.4",
            "role_arn": "arn:aws:iam::341422841066:role/my-eks-cluster20201107225409644700000002",
            "status": "ACTIVE",
            "tags": {},
            "version": "1.17",
            "vpc_config": [
              {
                "cluster_security_group_id": "sg-054c3f0d0d679b6a8",
                "endpoint_private_access": false,
                "endpoint_public_access": true,
                "public_access_cidrs": [
                  "0.0.0.0/0"
                ],
                "security_group_ids": [
                  "sg-0326f197ad8c7333c"
                ],
                "subnet_ids": [
                  "subnet-01d8b626ec53eff6b",
                  "subnet-040ddad471b4e6523",
                  "subnet-0c0dbac3ff1fac012"
                ],
                "vpc_id": "vpc-0cbd7b0146f9cba0d"
              }
            ]
          }
        }
      ]
    },
    {
      "mode": "data",
      "type": "aws_eks_cluster_auth",
      "name": "cluster",
      "provider": "provider[\"registry.terraform.io/hashicorp/aws\"]",
      "instances": [
        {
          "schema_version": 0,
          "attributes": {
            "id": "my-eks-cluster",
            "name": "my-eks-cluster",
            "token": "k8s-aws-v1.aHR0cHM6Ly9zdHMuYW1hem9uYXdzLmNvbS8_QWN0aW9uPUdldENhbGxlcklkZW50aXR5JlZlcnNpb249MjAxMS0wNi0xNSZYLUFtei1BbGdvcml0aG09QVdTNC1ITUFDLVNIQTI1NiZYLUFtei1DcmVkZW50aWFsPUFLSUFVNjdURERUVkRZQTVNS1ZZJTJGMjAyMDExMDclMkZ1cy1lYXN0LTElMkZzdHMlMkZhd3M0X3JlcXVlc3QmWC1BbXotRGF0ZT0yMDIwMTEwN1QyMzA5MjJaJlgtQW16LUV4cGlyZXM9MCZYLUFtei1TaWduZWRIZWFkZXJzPWhvc3QlM0J4LWs4cy1hd3MtaWQmWC1BbXotU2lnbmF0dXJlPTFiY2Y4YjdiYTAxNjMzMmI2M2Q4NjY3NGI4MjBhYTc3MjkyYTQzODQ1MjQ5YmJiMzc3MzEwZDE2N2YxMmY3NzQ"
          }
        }
      ]
    },
    {
      "module": "module.eksvpc",
      "mode": "managed",
      "type": "aws_eip",
      "name": "nat",
      "provider": "provider[\"registry.terraform.io/hashicorp/aws\"]",
      "instances": [
        {
          "index_key": 0,
          "schema_version": 0,
          "attributes": {
            "allocation_id": null,
            "associate_with_private_ip": null,
            "association_id": "",
            "customer_owned_ip": "",
            "customer_owned_ipv4_pool": "",
            "domain": "vpc",
            "id": "eipalloc-0e7ff1871a1517b21",
            "instance": "",
            "network_border_group": "us-east-1",
            "network_interface": "",
            "private_dns": null,
            "private_ip": "",
            "public_dns": "ec2-34-236-40-50.compute-1.amazonaws.com",
            "public_ip": "34.236.40.50",
            "public_ipv4_pool": "amazon",
            "tags": {
              "Environment": "dev",
              "Name": "eks-vpc-us-east-1a",
              "Terraform": "true"
            },
            "timeouts": null,
            "vpc": true
          },
          "private": "eyJlMmJmYjczMC1lY2FhLTExZTYtOGY4OC0zNDM2M2JjN2M0YzAiOnsiZGVsZXRlIjoxODAwMDAwMDAwMDAsInJlYWQiOjkwMDAwMDAwMDAwMCwidXBkYXRlIjozMDAwMDAwMDAwMDB9fQ=="
        },
        {
          "index_key": 1,
          "schema_version": 0,
          "attributes": {
            "allocation_id": null,
            "associate_with_private_ip": null,
            "association_id": "",
            "customer_owned_ip": "",
            "customer_owned_ipv4_pool": "",
            "domain": "vpc",
            "id": "eipalloc-0f1beaefbb5a7529d",
            "instance": "",
            "network_border_group": "us-east-1",
            "network_interface": "",
            "private_dns": null,
            "private_ip": "",
            "public_dns": "ec2-54-204-207-205.compute-1.amazonaws.com",
            "public_ip": "54.204.207.205",
            "public_ipv4_pool": "amazon",
            "tags": {
              "Environment": "dev",
              "Name": "eks-vpc-us-east-1b",
              "Terraform": "true"
            },
            "timeouts": null,
            "vpc": true
          },
          "private": "eyJlMmJmYjczMC1lY2FhLTExZTYtOGY4OC0zNDM2M2JjN2M0YzAiOnsiZGVsZXRlIjoxODAwMDAwMDAwMDAsInJlYWQiOjkwMDAwMDAwMDAwMCwidXBkYXRlIjozMDAwMDAwMDAwMDB9fQ=="
        },
        {
          "index_key": 2,
          "schema_version": 0,
          "attributes": {
            "allocation_id": null,
            "associate_with_private_ip": null,
            "association_id": "",
            "customer_owned_ip": "",
            "customer_owned_ipv4_pool": "",
            "domain": "vpc",
            "id": "eipalloc-0ce7de8210769228f",
            "instance": "",
            "network_border_group": "us-east-1",
            "network_interface": "",
            "private_dns": null,
            "private_ip": "",
            "public_dns": "ec2-52-55-76-29.compute-1.amazonaws.com",
            "public_ip": "52.55.76.29",
            "public_ipv4_pool": "amazon",
            "tags": {
              "Environment": "dev",
              "Name": "eks-vpc-us-east-1c",
              "Terraform": "true"
            },
            "timeouts": null,
            "vpc": true
          },
          "private": "eyJlMmJmYjczMC1lY2FhLTExZTYtOGY4OC0zNDM2M2JjN2M0YzAiOnsiZGVsZXRlIjoxODAwMDAwMDAwMDAsInJlYWQiOjkwMDAwMDAwMDAwMCwidXBkYXRlIjozMDAwMDAwMDAwMDB9fQ=="
        }
      ]
    },
    {
      "module": "module.eksvpc",
      "mode": "managed",
      "type": "aws_internet_gateway",
      "name": "this",
      "provider": "provider[\"registry.terraform.io/hashicorp/aws\"]",
      "instances": [
        {
          "index_key": 0,
          "schema_version": 0,
          "attributes": {
            "arn": "arn:aws:ec2:us-east-1:341422841066:internet-gateway/igw-0037607194e8ef441",
            "id": "igw-0037607194e8ef441",
            "owner_id": "341422841066",
            "tags": {
              "Environment": "dev",
              "Name": "eks-vpc",
              "Terraform": "true"
            },
            "vpc_id": "vpc-0cbd7b0146f9cba0d"
          },
          "private": "bnVsbA==",
          "dependencies": [
            "module.eksvpc.aws_vpc.this",
            "module.eksvpc.aws_vpc_ipv4_cidr_block_association.this"
          ]
        }
      ]
    },
    {
      "module": "module.eksvpc",
      "mode": "managed",
      "type": "aws_nat_gateway",
      "name": "this",
      "provider": "provider[\"registry.terraform.io/hashicorp/aws\"]",
      "instances": [
        {
          "index_key": 0,
          "schema_version": 0,
          "attributes": {
            "allocation_id": "eipalloc-0e7ff1871a1517b21",
            "id": "nat-0df5fb4aea79ae659",
            "network_interface_id": "eni-0cf381b3be71c0b66",
            "private_ip": "10.0.101.40",
            "public_ip": "34.236.40.50",
            "subnet_id": "subnet-0f0f9342285f1f04f",
            "tags": {
              "Environment": "dev",
              "Name": "eks-vpc-us-east-1a",
              "Terraform": "true"
            }
          },
          "private": "bnVsbA==",
          "dependencies": [
            "module.eksvpc.aws_eip.nat",
            "module.eksvpc.aws_internet_gateway.this",
            "module.eksvpc.aws_subnet.public",
            "module.eksvpc.aws_vpc.this",
            "module.eksvpc.aws_vpc_ipv4_cidr_block_association.this"
          ]
        },
        {
          "index_key": 1,
          "schema_version": 0,
          "attributes": {
            "allocation_id": "eipalloc-0f1beaefbb5a7529d",
            "id": "nat-0c96376bc0a4b9365",
            "network_interface_id": "eni-02c4a48f658f2011b",
            "private_ip": "10.0.102.22",
            "public_ip": "54.204.207.205",
            "subnet_id": "subnet-012a957bce57a129f",
            "tags": {
              "Environment": "dev",
              "Name": "eks-vpc-us-east-1b",
              "Terraform": "true"
            }
          },
          "private": "bnVsbA==",
          "dependencies": [
            "module.eksvpc.aws_eip.nat",
            "module.eksvpc.aws_internet_gateway.this",
            "module.eksvpc.aws_subnet.public",
            "module.eksvpc.aws_vpc.this",
            "module.eksvpc.aws_vpc_ipv4_cidr_block_association.this"
          ]
        },
        {
          "index_key": 2,
          "schema_version": 0,
          "attributes": {
            "allocation_id": "eipalloc-0ce7de8210769228f",
            "id": "nat-016154091dc5cd761",
            "network_interface_id": "eni-04bc0295711e15046",
            "private_ip": "10.0.103.185",
            "public_ip": "52.55.76.29",
            "subnet_id": "subnet-07376e489f24819db",
            "tags": {
              "Environment": "dev",
              "Name": "eks-vpc-us-east-1c",
              "Terraform": "true"
            }
          },
          "private": "bnVsbA==",
          "dependencies": [
            "module.eksvpc.aws_eip.nat",
            "module.eksvpc.aws_internet_gateway.this",
            "module.eksvpc.aws_subnet.public",
            "module.eksvpc.aws_vpc.this",
            "module.eksvpc.aws_vpc_ipv4_cidr_block_association.this"
          ]
        }
      ]
    },
    {
      "module": "module.eksvpc",
      "mode": "managed",
      "type": "aws_route",
      "name": "private_nat_gateway",
      "provider": "provider[\"registry.terraform.io/hashicorp/aws\"]",
      "instances": [
        {
          "index_key": 0,
          "schema_version": 0,
          "attributes": {
            "destination_cidr_block": "0.0.0.0/0",
            "destination_ipv6_cidr_block": "",
            "destination_prefix_list_id": "",
            "egress_only_gateway_id": "",
            "gateway_id": "",
            "id": "r-rtb-0adc1568d11adcc3b1080289494",
            "instance_id": "",
            "instance_owner_id": "",
            "local_gateway_id": "",
            "nat_gateway_id": "nat-0df5fb4aea79ae659",
            "network_interface_id": "",
            "origin": "CreateRoute",
            "route_table_id": "rtb-0adc1568d11adcc3b",
            "state": "active",
            "timeouts": {
              "create": "5m",
              "delete": null
            },
            "transit_gateway_id": "",
            "vpc_peering_connection_id": ""
          },
          "private": "eyJlMmJmYjczMC1lY2FhLTExZTYtOGY4OC0zNDM2M2JjN2M0YzAiOnsiY3JlYXRlIjozMDAwMDAwMDAwMDAsImRlbGV0ZSI6MzAwMDAwMDAwMDAwfX0=",
          "dependencies": [
            "module.eksvpc.aws_eip.nat",
            "module.eksvpc.aws_internet_gateway.this",
            "module.eksvpc.aws_nat_gateway.this",
            "module.eksvpc.aws_route_table.private",
            "module.eksvpc.aws_subnet.public",
            "module.eksvpc.aws_vpc.this",
            "module.eksvpc.aws_vpc_ipv4_cidr_block_association.this"
          ]
        },
        {
          "index_key": 1,
          "schema_version": 0,
          "attributes": {
            "destination_cidr_block": "0.0.0.0/0",
            "destination_ipv6_cidr_block": "",
            "destination_prefix_list_id": "",
            "egress_only_gateway_id": "",
            "gateway_id": "",
            "id": "r-rtb-0a9f484269ba8d9931080289494",
            "instance_id": "",
            "instance_owner_id": "",
            "local_gateway_id": "",
            "nat_gateway_id": "nat-0c96376bc0a4b9365",
            "network_interface_id": "",
            "origin": "CreateRoute",
            "route_table_id": "rtb-0a9f484269ba8d993",
            "state": "active",
            "timeouts": {
              "create": "5m",
              "delete": null
            },
            "transit_gateway_id": "",
            "vpc_peering_connection_id": ""
          },
          "private": "eyJlMmJmYjczMC1lY2FhLTExZTYtOGY4OC0zNDM2M2JjN2M0YzAiOnsiY3JlYXRlIjozMDAwMDAwMDAwMDAsImRlbGV0ZSI6MzAwMDAwMDAwMDAwfX0=",
          "dependencies": [
            "module.eksvpc.aws_eip.nat",
            "module.eksvpc.aws_internet_gateway.this",
            "module.eksvpc.aws_nat_gateway.this",
            "module.eksvpc.aws_route_table.private",
            "module.eksvpc.aws_subnet.public",
            "module.eksvpc.aws_vpc.this",
            "module.eksvpc.aws_vpc_ipv4_cidr_block_association.this"
          ]
        },
        {
          "index_key": 2,
          "schema_version": 0,
          "attributes": {
            "destination_cidr_block": "0.0.0.0/0",
            "destination_ipv6_cidr_block": "",
            "destination_prefix_list_id": "",
            "egress_only_gateway_id": "",
            "gateway_id": "",
            "id": "r-rtb-0c35fe983619beffa1080289494",
            "instance_id": "",
            "instance_owner_id": "",
            "local_gateway_id": "",
            "nat_gateway_id": "nat-016154091dc5cd761",
            "network_interface_id": "",
            "origin": "CreateRoute",
            "route_table_id": "rtb-0c35fe983619beffa",
            "state": "active",
            "timeouts": {
              "create": "5m",
              "delete": null
            },
            "transit_gateway_id": "",
            "vpc_peering_connection_id": ""
          },
          "private": "eyJlMmJmYjczMC1lY2FhLTExZTYtOGY4OC0zNDM2M2JjN2M0YzAiOnsiY3JlYXRlIjozMDAwMDAwMDAwMDAsImRlbGV0ZSI6MzAwMDAwMDAwMDAwfX0=",
          "dependencies": [
            "module.eksvpc.aws_eip.nat",
            "module.eksvpc.aws_internet_gateway.this",
            "module.eksvpc.aws_nat_gateway.this",
            "module.eksvpc.aws_route_table.private",
            "module.eksvpc.aws_subnet.public",
            "module.eksvpc.aws_vpc.this",
            "module.eksvpc.aws_vpc_ipv4_cidr_block_association.this"
          ]
        }
      ]
    },
    {
      "module": "module.eksvpc",
      "mode": "managed",
      "type": "aws_route",
      "name": "public_internet_gateway",
      "provider": "provider[\"registry.terraform.io/hashicorp/aws\"]",
      "instances": [
        {
          "index_key": 0,
          "schema_version": 0,
          "attributes": {
            "destination_cidr_block": "0.0.0.0/0",
            "destination_ipv6_cidr_block": "",
            "destination_prefix_list_id": "",
            "egress_only_gateway_id": "",
            "gateway_id": "igw-0037607194e8ef441",
            "id": "r-rtb-037cd3c2c3d148af31080289494",
            "instance_id": "",
            "instance_owner_id": "",
            "local_gateway_id": "",
            "nat_gateway_id": "",
            "network_interface_id": "",
            "origin": "CreateRoute",
            "route_table_id": "rtb-037cd3c2c3d148af3",
            "state": "active",
            "timeouts": {
              "create": "5m",
              "delete": null
            },
            "transit_gateway_id": "",
            "vpc_peering_connection_id": ""
          },
          "private": "eyJlMmJmYjczMC1lY2FhLTExZTYtOGY4OC0zNDM2M2JjN2M0YzAiOnsiY3JlYXRlIjozMDAwMDAwMDAwMDAsImRlbGV0ZSI6MzAwMDAwMDAwMDAwfX0=",
          "dependencies": [
            "module.eksvpc.aws_internet_gateway.this",
            "module.eksvpc.aws_route_table.public",
            "module.eksvpc.aws_vpc.this",
            "module.eksvpc.aws_vpc_ipv4_cidr_block_association.this"
          ]
        }
      ]
    },
    {
      "module": "module.eksvpc",
      "mode": "managed",
      "type": "aws_route_table",
      "name": "private",
      "provider": "provider[\"registry.terraform.io/hashicorp/aws\"]",
      "instances": [
        {
          "index_key": 0,
          "schema_version": 0,
          "attributes": {
            "id": "rtb-0adc1568d11adcc3b",
            "owner_id": "341422841066",
            "propagating_vgws": [],
            "route": [],
            "tags": {
              "Environment": "dev",
              "Name": "eks-vpc-private-us-east-1a",
              "Terraform": "true"
            },
            "vpc_id": "vpc-0cbd7b0146f9cba0d"
          },
          "private": "bnVsbA==",
          "dependencies": [
            "module.eksvpc.aws_vpc.this",
            "module.eksvpc.aws_vpc_ipv4_cidr_block_association.this"
          ]
        },
        {
          "index_key": 1,
          "schema_version": 0,
          "attributes": {
            "id": "rtb-0a9f484269ba8d993",
            "owner_id": "341422841066",
            "propagating_vgws": [],
            "route": [],
            "tags": {
              "Environment": "dev",
              "Name": "eks-vpc-private-us-east-1b",
              "Terraform": "true"
            },
            "vpc_id": "vpc-0cbd7b0146f9cba0d"
          },
          "private": "bnVsbA==",
          "dependencies": [
            "module.eksvpc.aws_vpc.this",
            "module.eksvpc.aws_vpc_ipv4_cidr_block_association.this"
          ]
        },
        {
          "index_key": 2,
          "schema_version": 0,
          "attributes": {
            "id": "rtb-0c35fe983619beffa",
            "owner_id": "341422841066",
            "propagating_vgws": [],
            "route": [],
            "tags": {
              "Environment": "dev",
              "Name": "eks-vpc-private-us-east-1c",
              "Terraform": "true"
            },
            "vpc_id": "vpc-0cbd7b0146f9cba0d"
          },
          "private": "bnVsbA==",
          "dependencies": [
            "module.eksvpc.aws_vpc.this",
            "module.eksvpc.aws_vpc_ipv4_cidr_block_association.this"
          ]
        }
      ]
    },
    {
      "module": "module.eksvpc",
      "mode": "managed",
      "type": "aws_route_table",
      "name": "public",
      "provider": "provider[\"registry.terraform.io/hashicorp/aws\"]",
      "instances": [
        {
          "index_key": 0,
          "schema_version": 0,
          "attributes": {
            "id": "rtb-037cd3c2c3d148af3",
            "owner_id": "341422841066",
            "propagating_vgws": [],
            "route": [],
            "tags": {
              "Environment": "dev",
              "Name": "eks-vpc-public",
              "Terraform": "true"
            },
            "vpc_id": "vpc-0cbd7b0146f9cba0d"
          },
          "private": "bnVsbA==",
          "dependencies": [
            "module.eksvpc.aws_vpc.this",
            "module.eksvpc.aws_vpc_ipv4_cidr_block_association.this"
          ]
        }
      ]
    },
    {
      "module": "module.eksvpc",
      "mode": "managed",
      "type": "aws_route_table_association",
      "name": "private",
      "provider": "provider[\"registry.terraform.io/hashicorp/aws\"]",
      "instances": [
        {
          "index_key": 0,
          "schema_version": 0,
          "attributes": {
            "gateway_id": null,
            "id": "rtbassoc-01a34538e03ac0585",
            "route_table_id": "rtb-0adc1568d11adcc3b",
            "subnet_id": "subnet-0c0dbac3ff1fac012"
          },
          "private": "bnVsbA==",
          "dependencies": [
            "module.eksvpc.aws_route_table.private",
            "module.eksvpc.aws_subnet.private",
            "module.eksvpc.aws_vpc.this",
            "module.eksvpc.aws_vpc_ipv4_cidr_block_association.this"
          ]
        },
        {
          "index_key": 1,
          "schema_version": 0,
          "attributes": {
            "gateway_id": null,
            "id": "rtbassoc-0e904228b6d1dc4db",
            "route_table_id": "rtb-0a9f484269ba8d993",
            "subnet_id": "subnet-040ddad471b4e6523"
          },
          "private": "bnVsbA==",
          "dependencies": [
            "module.eksvpc.aws_route_table.private",
            "module.eksvpc.aws_subnet.private",
            "module.eksvpc.aws_vpc.this",
            "module.eksvpc.aws_vpc_ipv4_cidr_block_association.this"
          ]
        },
        {
          "index_key": 2,
          "schema_version": 0,
          "attributes": {
            "gateway_id": null,
            "id": "rtbassoc-007a9e4f917f51855",
            "route_table_id": "rtb-0c35fe983619beffa",
            "subnet_id": "subnet-01d8b626ec53eff6b"
          },
          "private": "bnVsbA==",
          "dependencies": [
            "module.eksvpc.aws_route_table.private",
            "module.eksvpc.aws_subnet.private",
            "module.eksvpc.aws_vpc.this",
            "module.eksvpc.aws_vpc_ipv4_cidr_block_association.this"
          ]
        }
      ]
    },
    {
      "module": "module.eksvpc",
      "mode": "managed",
      "type": "aws_route_table_association",
      "name": "public",
      "provider": "provider[\"registry.terraform.io/hashicorp/aws\"]",
      "instances": [
        {
          "index_key": 0,
          "schema_version": 0,
          "attributes": {
            "gateway_id": null,
            "id": "rtbassoc-0ab8dcce1b8f71029",
            "route_table_id": "rtb-037cd3c2c3d148af3",
            "subnet_id": "subnet-0f0f9342285f1f04f"
          },
          "private": "bnVsbA==",
          "dependencies": [
            "module.eksvpc.aws_route_table.public",
            "module.eksvpc.aws_subnet.public",
            "module.eksvpc.aws_vpc.this",
            "module.eksvpc.aws_vpc_ipv4_cidr_block_association.this"
          ]
        },
        {
          "index_key": 1,
          "schema_version": 0,
          "attributes": {
            "gateway_id": null,
            "id": "rtbassoc-01d1572f42b491ecd",
            "route_table_id": "rtb-037cd3c2c3d148af3",
            "subnet_id": "subnet-012a957bce57a129f"
          },
          "private": "bnVsbA==",
          "dependencies": [
            "module.eksvpc.aws_route_table.public",
            "module.eksvpc.aws_subnet.public",
            "module.eksvpc.aws_vpc.this",
            "module.eksvpc.aws_vpc_ipv4_cidr_block_association.this"
          ]
        },
        {
          "index_key": 2,
          "schema_version": 0,
          "attributes": {
            "gateway_id": null,
            "id": "rtbassoc-0669a382351a73d00",
            "route_table_id": "rtb-037cd3c2c3d148af3",
            "subnet_id": "subnet-07376e489f24819db"
          },
          "private": "bnVsbA==",
          "dependencies": [
            "module.eksvpc.aws_route_table.public",
            "module.eksvpc.aws_subnet.public",
            "module.eksvpc.aws_vpc.this",
            "module.eksvpc.aws_vpc_ipv4_cidr_block_association.this"
          ]
        }
      ]
    },
    {
      "module": "module.eksvpc",
      "mode": "managed",
      "type": "aws_subnet",
      "name": "private",
      "provider": "provider[\"registry.terraform.io/hashicorp/aws\"]",
      "instances": [
        {
          "index_key": 0,
          "schema_version": 1,
          "attributes": {
            "arn": "arn:aws:ec2:us-east-1:341422841066:subnet/subnet-0c0dbac3ff1fac012",
            "assign_ipv6_address_on_creation": false,
            "availability_zone": "us-east-1a",
            "availability_zone_id": "use1-az6",
            "cidr_block": "10.0.1.0/24",
            "id": "subnet-0c0dbac3ff1fac012",
            "ipv6_cidr_block": "",
            "ipv6_cidr_block_association_id": "",
            "map_public_ip_on_launch": false,
            "outpost_arn": "",
            "owner_id": "341422841066",
            "tags": {
              "Environment": "dev",
              "Name": "eks-vpc-private-us-east-1a",
              "Terraform": "true"
            },
            "timeouts": null,
            "vpc_id": "vpc-0cbd7b0146f9cba0d"
          },
          "private": "eyJlMmJmYjczMC1lY2FhLTExZTYtOGY4OC0zNDM2M2JjN2M0YzAiOnsiY3JlYXRlIjo2MDAwMDAwMDAwMDAsImRlbGV0ZSI6MTIwMDAwMDAwMDAwMH0sInNjaGVtYV92ZXJzaW9uIjoiMSJ9",
          "dependencies": [
            "module.eksvpc.aws_vpc.this",
            "module.eksvpc.aws_vpc_ipv4_cidr_block_association.this"
          ],
          "create_before_destroy": true
        },
        {
          "index_key": 1,
          "schema_version": 1,
          "attributes": {
            "arn": "arn:aws:ec2:us-east-1:341422841066:subnet/subnet-040ddad471b4e6523",
            "assign_ipv6_address_on_creation": false,
            "availability_zone": "us-east-1b",
            "availability_zone_id": "use1-az1",
            "cidr_block": "10.0.2.0/24",
            "id": "subnet-040ddad471b4e6523",
            "ipv6_cidr_block": "",
            "ipv6_cidr_block_association_id": "",
            "map_public_ip_on_launch": false,
            "outpost_arn": "",
            "owner_id": "341422841066",
            "tags": {
              "Environment": "dev",
              "Name": "eks-vpc-private-us-east-1b",
              "Terraform": "true"
            },
            "timeouts": null,
            "vpc_id": "vpc-0cbd7b0146f9cba0d"
          },
          "private": "eyJlMmJmYjczMC1lY2FhLTExZTYtOGY4OC0zNDM2M2JjN2M0YzAiOnsiY3JlYXRlIjo2MDAwMDAwMDAwMDAsImRlbGV0ZSI6MTIwMDAwMDAwMDAwMH0sInNjaGVtYV92ZXJzaW9uIjoiMSJ9",
          "dependencies": [
            "module.eksvpc.aws_vpc.this",
            "module.eksvpc.aws_vpc_ipv4_cidr_block_association.this"
          ],
          "create_before_destroy": true
        },
        {
          "index_key": 2,
          "schema_version": 1,
          "attributes": {
            "arn": "arn:aws:ec2:us-east-1:341422841066:subnet/subnet-01d8b626ec53eff6b",
            "assign_ipv6_address_on_creation": false,
            "availability_zone": "us-east-1c",
            "availability_zone_id": "use1-az2",
            "cidr_block": "10.0.3.0/24",
            "id": "subnet-01d8b626ec53eff6b",
            "ipv6_cidr_block": "",
            "ipv6_cidr_block_association_id": "",
            "map_public_ip_on_launch": false,
            "outpost_arn": "",
            "owner_id": "341422841066",
            "tags": {
              "Environment": "dev",
              "Name": "eks-vpc-private-us-east-1c",
              "Terraform": "true"
            },
            "timeouts": null,
            "vpc_id": "vpc-0cbd7b0146f9cba0d"
          },
          "private": "eyJlMmJmYjczMC1lY2FhLTExZTYtOGY4OC0zNDM2M2JjN2M0YzAiOnsiY3JlYXRlIjo2MDAwMDAwMDAwMDAsImRlbGV0ZSI6MTIwMDAwMDAwMDAwMH0sInNjaGVtYV92ZXJzaW9uIjoiMSJ9",
          "dependencies": [
            "module.eksvpc.aws_vpc.this",
            "module.eksvpc.aws_vpc_ipv4_cidr_block_association.this"
          ],
          "create_before_destroy": true
        }
      ]
    },
    {
      "module": "module.eksvpc",
      "mode": "managed",
      "type": "aws_subnet",
      "name": "public",
      "provider": "provider[\"registry.terraform.io/hashicorp/aws\"]",
      "instances": [
        {
          "index_key": 0,
          "schema_version": 1,
          "attributes": {
            "arn": "arn:aws:ec2:us-east-1:341422841066:subnet/subnet-0f0f9342285f1f04f",
            "assign_ipv6_address_on_creation": false,
            "availability_zone": "us-east-1a",
            "availability_zone_id": "use1-az6",
            "cidr_block": "10.0.101.0/24",
            "id": "subnet-0f0f9342285f1f04f",
            "ipv6_cidr_block": "",
            "ipv6_cidr_block_association_id": "",
            "map_public_ip_on_launch": true,
            "outpost_arn": "",
            "owner_id": "341422841066",
            "tags": {
              "Environment": "dev",
              "Name": "eks-vpc-public-us-east-1a",
              "Terraform": "true"
            },
            "timeouts": null,
            "vpc_id": "vpc-0cbd7b0146f9cba0d"
          },
          "private": "eyJlMmJmYjczMC1lY2FhLTExZTYtOGY4OC0zNDM2M2JjN2M0YzAiOnsiY3JlYXRlIjo2MDAwMDAwMDAwMDAsImRlbGV0ZSI6MTIwMDAwMDAwMDAwMH0sInNjaGVtYV92ZXJzaW9uIjoiMSJ9",
          "dependencies": [
            "module.eksvpc.aws_vpc.this",
            "module.eksvpc.aws_vpc_ipv4_cidr_block_association.this"
          ]
        },
        {
          "index_key": 1,
          "schema_version": 1,
          "attributes": {
            "arn": "arn:aws:ec2:us-east-1:341422841066:subnet/subnet-012a957bce57a129f",
            "assign_ipv6_address_on_creation": false,
            "availability_zone": "us-east-1b",
            "availability_zone_id": "use1-az1",
            "cidr_block": "10.0.102.0/24",
            "id": "subnet-012a957bce57a129f",
            "ipv6_cidr_block": "",
            "ipv6_cidr_block_association_id": "",
            "map_public_ip_on_launch": true,
            "outpost_arn": "",
            "owner_id": "341422841066",
            "tags": {
              "Environment": "dev",
              "Name": "eks-vpc-public-us-east-1b",
              "Terraform": "true"
            },
            "timeouts": null,
            "vpc_id": "vpc-0cbd7b0146f9cba0d"
          },
          "private": "eyJlMmJmYjczMC1lY2FhLTExZTYtOGY4OC0zNDM2M2JjN2M0YzAiOnsiY3JlYXRlIjo2MDAwMDAwMDAwMDAsImRlbGV0ZSI6MTIwMDAwMDAwMDAwMH0sInNjaGVtYV92ZXJzaW9uIjoiMSJ9",
          "dependencies": [
            "module.eksvpc.aws_vpc.this",
            "module.eksvpc.aws_vpc_ipv4_cidr_block_association.this"
          ]
        },
        {
          "index_key": 2,
          "schema_version": 1,
          "attributes": {
            "arn": "arn:aws:ec2:us-east-1:341422841066:subnet/subnet-07376e489f24819db",
            "assign_ipv6_address_on_creation": false,
            "availability_zone": "us-east-1c",
            "availability_zone_id": "use1-az2",
            "cidr_block": "10.0.103.0/24",
            "id": "subnet-07376e489f24819db",
            "ipv6_cidr_block": "",
            "ipv6_cidr_block_association_id": "",
            "map_public_ip_on_launch": true,
            "outpost_arn": "",
            "owner_id": "341422841066",
            "tags": {
              "Environment": "dev",
              "Name": "eks-vpc-public-us-east-1c",
              "Terraform": "true"
            },
            "timeouts": null,
            "vpc_id": "vpc-0cbd7b0146f9cba0d"
          },
          "private": "eyJlMmJmYjczMC1lY2FhLTExZTYtOGY4OC0zNDM2M2JjN2M0YzAiOnsiY3JlYXRlIjo2MDAwMDAwMDAwMDAsImRlbGV0ZSI6MTIwMDAwMDAwMDAwMH0sInNjaGVtYV92ZXJzaW9uIjoiMSJ9",
          "dependencies": [
            "module.eksvpc.aws_vpc.this",
            "module.eksvpc.aws_vpc_ipv4_cidr_block_association.this"
          ]
        }
      ]
    },
    {
      "module": "module.eksvpc",
      "mode": "managed",
      "type": "aws_vpc",
      "name": "this",
      "provider": "provider[\"registry.terraform.io/hashicorp/aws\"]",
      "instances": [
        {
          "index_key": 0,
          "schema_version": 1,
          "attributes": {
            "arn": "arn:aws:ec2:us-east-1:341422841066:vpc/vpc-0cbd7b0146f9cba0d",
            "assign_generated_ipv6_cidr_block": false,
            "cidr_block": "10.0.0.0/16",
            "default_network_acl_id": "acl-08870ce52ea700525",
            "default_route_table_id": "rtb-0707cb6607f1c0790",
            "default_security_group_id": "sg-0e0e177da4abadc72",
            "dhcp_options_id": "dopt-0c24a341fe1f6be4c",
            "enable_classiclink": false,
            "enable_classiclink_dns_support": false,
            "enable_dns_hostnames": false,
            "enable_dns_support": true,
            "id": "vpc-0cbd7b0146f9cba0d",
            "instance_tenancy": "default",
            "ipv6_association_id": "",
            "ipv6_cidr_block": "",
            "main_route_table_id": "rtb-0707cb6607f1c0790",
            "owner_id": "341422841066",
            "tags": {
              "Environment": "dev",
              "Name": "eks-vpc",
              "Terraform": "true"
            }
          },
          "private": "eyJzY2hlbWFfdmVyc2lvbiI6IjEifQ==",
          "create_before_destroy": true
        }
      ]
    },
    {
      "module": "module.eksvpc",
      "mode": "managed",
      "type": "aws_vpn_gateway",
      "name": "this",
      "provider": "provider[\"registry.terraform.io/hashicorp/aws\"]",
      "instances": [
        {
          "index_key": 0,
          "schema_version": 0,
          "attributes": {
            "amazon_side_asn": "64512",
            "arn": "arn:aws:ec2:us-east-1:341422841066:vpn-gateway/vgw-07e9fb87bd061b84e",
            "availability_zone": null,
            "id": "vgw-07e9fb87bd061b84e",
            "tags": {
              "Environment": "dev",
              "Name": "eks-vpc",
              "Terraform": "true"
            },
            "vpc_id": "vpc-0cbd7b0146f9cba0d"
          },
          "private": "bnVsbA==",
          "dependencies": [
            "module.eksvpc.aws_vpc.this",
            "module.eksvpc.aws_vpc_ipv4_cidr_block_association.this"
          ]
        }
      ]
    },
    {
      "module": "module.my-eks-cluster",
      "mode": "data",
      "type": "aws_ami",
      "name": "eks_worker",
      "provider": "provider[\"registry.terraform.io/hashicorp/aws\"]",
      "instances": [
        {
          "schema_version": 0,
          "attributes": {
            "architecture": "x86_64",
            "arn": "arn:aws:ec2:us-east-1::image/ami-07250434f8a7bc5f1",
            "block_device_mappings": [
              {
                "device_name": "/dev/xvda",
                "ebs": {
                  "delete_on_termination": "true",
                  "encrypted": "false",
                  "iops": "0",
                  "snapshot_id": "snap-05cfbb82ee402f4a9",
                  "volume_size": "20",
                  "volume_type": "gp2"
                },
                "no_device": "",
                "virtual_name": ""
              }
            ],
            "creation_date": "2020-10-07T22:13:21.000Z",
            "description": "EKS Kubernetes Worker AMI with AmazonLinux2 image, (k8s: 1.17.11, docker:19.03.6ce-4.amzn2)",
            "executable_users": null,
            "filter": [
              {
                "name": "name",
                "values": [
                  "amazon-eks-node-1.17-v*"
                ]
              }
            ],
            "hypervisor": "xen",
            "id": "ami-07250434f8a7bc5f1",
            "image_id": "ami-07250434f8a7bc5f1",
            "image_location": "amazon/amazon-eks-node-1.17-v20201007",
            "image_owner_alias": "amazon",
            "image_type": "machine",
            "kernel_id": null,
            "most_recent": true,
            "name": "amazon-eks-node-1.17-v20201007",
            "name_regex": null,
            "owner_id": "602401143452",
            "owners": [
              "amazon"
            ],
            "platform": null,
            "product_codes": [],
            "public": true,
            "ramdisk_id": null,
            "root_device_name": "/dev/xvda",
            "root_device_type": "ebs",
            "root_snapshot_id": "snap-05cfbb82ee402f4a9",
            "sriov_net_support": "simple",
            "state": "available",
            "state_reason": {
              "code": "UNSET",
              "message": "UNSET"
            },
            "tags": {},
            "virtualization_type": "hvm"
          }
        }
      ]
    },
    {
      "module": "module.my-eks-cluster",
      "mode": "data",
      "type": "aws_ami",
      "name": "eks_worker_windows",
      "provider": "provider[\"registry.terraform.io/hashicorp/aws\"]",
      "instances": [
        {
          "schema_version": 0,
          "attributes": {
            "architecture": "x86_64",
            "arn": "arn:aws:ec2:us-east-1::image/ami-0e629f55d55498a42",
            "block_device_mappings": [
              {
                "device_name": "/dev/sda1",
                "ebs": {
                  "delete_on_termination": "true",
                  "encrypted": "false",
                  "iops": "0",
                  "snapshot_id": "snap-0cd5e6f9b56eb9570",
                  "volume_size": "50",
                  "volume_type": "gp2"
                },
                "no_device": "",
                "virtual_name": ""
              },
              {
                "device_name": "xvdca",
                "ebs": {},
                "no_device": "",
                "virtual_name": "ephemeral0"
              },
              {
                "device_name": "xvdcb",
                "ebs": {},
                "no_device": "",
                "virtual_name": "ephemeral1"
              },
              {
                "device_name": "xvdcc",
                "ebs": {},
                "no_device": "",
                "virtual_name": "ephemeral2"
              },
              {
                "device_name": "xvdcd",
                "ebs": {},
                "no_device": "",
                "virtual_name": "ephemeral3"
              },
              {
                "device_name": "xvdce",
                "ebs": {},
                "no_device": "",
                "virtual_name": "ephemeral4"
              },
              {
                "device_name": "xvdcf",
                "ebs": {},
                "no_device": "",
                "virtual_name": "ephemeral5"
              },
              {
                "device_name": "xvdcg",
                "ebs": {},
                "no_device": "",
                "virtual_name": "ephemeral6"
              },
              {
                "device_name": "xvdch",
                "ebs": {},
                "no_device": "",
                "virtual_name": "ephemeral7"
              },
              {
                "device_name": "xvdci",
                "ebs": {},
                "no_device": "",
                "virtual_name": "ephemeral8"
              },
              {
                "device_name": "xvdcj",
                "ebs": {},
                "no_device": "",
                "virtual_name": "ephemeral9"
              },
              {
                "device_name": "xvdck",
                "ebs": {},
                "no_device": "",
                "virtual_name": "ephemeral10"
              },
              {
                "device_name": "xvdcl",
                "ebs": {},
                "no_device": "",
                "virtual_name": "ephemeral11"
              },
              {
                "device_name": "xvdcm",
                "ebs": {},
                "no_device": "",
                "virtual_name": "ephemeral12"
              },
              {
                "device_name": "xvdcn",
                "ebs": {},
                "no_device": "",
                "virtual_name": "ephemeral13"
              },
              {
                "device_name": "xvdco",
                "ebs": {},
                "no_device": "",
                "virtual_name": "ephemeral14"
              },
              {
                "device_name": "xvdcp",
                "ebs": {},
                "no_device": "",
                "virtual_name": "ephemeral15"
              },
              {
                "device_name": "xvdcq",
                "ebs": {},
                "no_device": "",
                "virtual_name": "ephemeral16"
              },
              {
                "device_name": "xvdcr",
                "ebs": {},
                "no_device": "",
                "virtual_name": "ephemeral17"
              },
              {
                "device_name": "xvdcs",
                "ebs": {},
                "no_device": "",
                "virtual_name": "ephemeral18"
              },
              {
                "device_name": "xvdct",
                "ebs": {},
                "no_device": "",
                "virtual_name": "ephemeral19"
              },
              {
                "device_name": "xvdcu",
                "ebs": {},
                "no_device": "",
                "virtual_name": "ephemeral20"
              },
              {
                "device_name": "xvdcv",
                "ebs": {},
                "no_device": "",
                "virtual_name": "ephemeral21"
              },
              {
                "device_name": "xvdcw",
                "ebs": {},
                "no_device": "",
                "virtual_name": "ephemeral22"
              },
              {
                "device_name": "xvdcx",
                "ebs": {},
                "no_device": "",
                "virtual_name": "ephemeral23"
              },
              {
                "device_name": "xvdcy",
                "ebs": {},
                "no_device": "",
                "virtual_name": "ephemeral24"
              },
              {
                "device_name": "xvdcz",
                "ebs": {},
                "no_device": "",
                "virtual_name": "ephemeral25"
              }
            ],
            "creation_date": "2020-10-30T21:01:19.000Z",
            "description": "Microsoft Windows Server 2019 Core optimized for EKS and provided by Amazon",
            "executable_users": null,
            "filter": [
              {
                "name": "name",
                "values": [
                  "Windows_Server-2019-English-Core-EKS_Optimized-1.17-*"
                ]
              },
              {
                "name": "platform",
                "values": [
                  "windows"
                ]
              }
            ],
            "hypervisor": "xen",
            "id": "ami-0e629f55d55498a42",
            "image_id": "ami-0e629f55d55498a42",
            "image_location": "amazon/Windows_Server-2019-English-Core-EKS_Optimized-1.17-2020.10.29",
            "image_owner_alias": "amazon",
            "image_type": "machine",
            "kernel_id": null,
            "most_recent": true,
            "name": "Windows_Server-2019-English-Core-EKS_Optimized-1.17-2020.10.29",
            "name_regex": null,
            "owner_id": "801119661308",
            "owners": [
              "amazon"
            ],
            "platform": "windows",
            "product_codes": [],
            "public": true,
            "ramdisk_id": null,
            "root_device_name": "/dev/sda1",
            "root_device_type": "ebs",
            "root_snapshot_id": "snap-0cd5e6f9b56eb9570",
            "sriov_net_support": "simple",
            "state": "available",
            "state_reason": {
              "code": "UNSET",
              "message": "UNSET"
            },
            "tags": {},
            "virtualization_type": "hvm"
          }
        }
      ]
    },
    {
      "module": "module.my-eks-cluster",
      "mode": "data",
      "type": "aws_caller_identity",
      "name": "current",
      "provider": "provider[\"registry.terraform.io/hashicorp/aws\"]",
      "instances": [
        {
          "schema_version": 0,
          "attributes": {
            "account_id": "341422841066",
            "arn": "arn:aws:iam::341422841066:user/mdasadmin",
            "id": "341422841066",
            "user_id": "AIDAU67TDDTVMI7BQD5SY"
          }
        }
      ]
    },
    {
      "module": "module.my-eks-cluster",
      "mode": "data",
      "type": "aws_iam_policy_document",
      "name": "cluster_assume_role_policy",
      "provider": "provider[\"registry.terraform.io/hashicorp/aws\"]",
      "instances": [
        {
          "schema_version": 0,
          "attributes": {
            "id": "2764486067",
            "json": "{\n  \"Version\": \"2012-10-17\",\n  \"Statement\": [\n    {\n      \"Sid\": \"EKSClusterAssumeRole\",\n      \"Effect\": \"Allow\",\n      \"Action\": \"sts:AssumeRole\",\n      \"Principal\": {\n        \"Service\": \"eks.amazonaws.com\"\n      }\n    }\n  ]\n}",
            "override_json": null,
            "policy_id": null,
            "source_json": null,
            "statement": [
              {
                "actions": [
                  "sts:AssumeRole"
                ],
                "condition": [],
                "effect": "Allow",
                "not_actions": [],
                "not_principals": [],
                "not_resources": [],
                "principals": [
                  {
                    "identifiers": [
                      "eks.amazonaws.com"
                    ],
                    "type": "Service"
                  }
                ],
                "resources": [],
                "sid": "EKSClusterAssumeRole"
              }
            ],
            "version": "2012-10-17"
          }
        }
      ]
    },
    {
      "module": "module.my-eks-cluster",
      "mode": "data",
      "type": "aws_iam_policy_document",
      "name": "cluster_elb_sl_role_creation",
      "provider": "provider[\"registry.terraform.io/hashicorp/aws\"]",
      "instances": [
        {
          "index_key": 0,
          "schema_version": 0,
          "attributes": {
            "id": "3407219844",
            "json": "{\n  \"Version\": \"2012-10-17\",\n  \"Statement\": [\n    {\n      \"Sid\": \"\",\n      \"Effect\": \"Allow\",\n      \"Action\": [\n        \"ec2:DescribeInternetGateways\",\n        \"ec2:DescribeAccountAttributes\"\n      ],\n      \"Resource\": \"*\"\n    }\n  ]\n}",
            "override_json": null,
            "policy_id": null,
            "source_json": null,
            "statement": [
              {
                "actions": [
                  "ec2:DescribeAccountAttributes",
                  "ec2:DescribeInternetGateways"
                ],
                "condition": [],
                "effect": "Allow",
                "not_actions": [],
                "not_principals": [],
                "not_resources": [],
                "principals": [],
                "resources": [
                  "*"
                ],
                "sid": ""
              }
            ],
            "version": "2012-10-17"
          }
        }
      ]
    },
    {
      "module": "module.my-eks-cluster",
      "mode": "data",
      "type": "aws_iam_policy_document",
      "name": "workers_assume_role_policy",
      "provider": "provider[\"registry.terraform.io/hashicorp/aws\"]",
      "instances": [
        {
          "schema_version": 0,
          "attributes": {
            "id": "3778018924",
            "json": "{\n  \"Version\": \"2012-10-17\",\n  \"Statement\": [\n    {\n      \"Sid\": \"EKSWorkerAssumeRole\",\n      \"Effect\": \"Allow\",\n      \"Action\": \"sts:AssumeRole\",\n      \"Principal\": {\n        \"Service\": \"ec2.amazonaws.com\"\n      }\n    }\n  ]\n}",
            "override_json": null,
            "policy_id": null,
            "source_json": null,
            "statement": [
              {
                "actions": [
                  "sts:AssumeRole"
                ],
                "condition": [],
                "effect": "Allow",
                "not_actions": [],
                "not_principals": [],
                "not_resources": [],
                "principals": [
                  {
                    "identifiers": [
                      "ec2.amazonaws.com"
                    ],
                    "type": "Service"
                  }
                ],
                "resources": [],
                "sid": "EKSWorkerAssumeRole"
              }
            ],
            "version": "2012-10-17"
          }
        }
      ]
    },
    {
      "module": "module.my-eks-cluster",
      "mode": "data",
      "type": "aws_partition",
      "name": "current",
      "provider": "provider[\"registry.terraform.io/hashicorp/aws\"]",
      "instances": [
        {
          "schema_version": 0,
          "attributes": {
            "dns_suffix": "amazonaws.com",
            "id": "aws",
            "partition": "aws"
          }
        }
      ]
    },
    {
      "module": "module.my-eks-cluster",
      "mode": "data",
      "type": "template_file",
      "name": "userdata",
      "provider": "provider[\"registry.terraform.io/hashicorp/template\"]",
      "instances": [
        {
          "index_key": 0,
          "schema_version": 0,
          "attributes": {
            "filename": null,
            "id": "3707f88f4c2b29b42323f5825c357ef940f5e61dccbca773bcedb994deb94bb5",
            "rendered": "#!/bin/bash -xe\n\n# Allow user supplied pre userdata code\n\n\n# Bootstrap and join the cluster\n/etc/eks/bootstrap.sh --b64-cluster-ca 'LS0tLS1CRUdJTiBDRVJUSUZJQ0FURS0tLS0tCk1JSUN5RENDQWJDZ0F3SUJBZ0lCQURBTkJna3Foa2lHOXcwQkFRc0ZBREFWTVJNd0VRWURWUVFERXdwcmRXSmwKY201bGRHVnpNQjRYRFRJd01URXdOekl6TURNMU4xb1hEVE13TVRFd05USXpNRE0xTjFvd0ZURVRNQkVHQTFVRQpBeE1LYTNWaVpYSnVaWFJsY3pDQ0FTSXdEUVlKS29aSWh2Y05BUUVCQlFBRGdnRVBBRENDQVFvQ2dnRUJBTEY0ClhOS0FPUityRkUwOEpqU2xBeW1pc2lNeWZlYjdjbGNmL1FsRVNpWDNCa1ViZTdEOGVNdS93MGJWOWM2T3ZaMTAKTHh6RE9mS21pT1IzVVdiSHZ5anZ4bmJxZVdiZDI0K2FFZnhJYVNjbVUyT0lscmhpMDBoaWlMVVVTa0tDbFo1ZQo4dEJWOW1rdU1vNC95dCtxMG5kZTNBYlBrZ3R1cENXbWd3NVhlR1RrSFRKWXl3MTlsc0lkbmlMR2hvcHNiaFJPCktTOWFlYVhLUW1ZVFBpNmtOckdyTGhKY1pqTkhyQ2tpY1hMVzNIaTg1UUx1M003a2ZkQzYzeEgxVmkvVHdMV2YKUmVUWG1KYkhtOWNNSk1pbVJGZmVLdlZUeUVCb2JSZDg5TFQ5ajZLWU5WSzRjY3VLeDhLaU9SZnNmeER2RlRYRApEUnNpUy91ZWJYZkZRQi9zeFFjQ0F3RUFBYU1qTUNFd0RnWURWUjBQQVFIL0JBUURBZ0trTUE4R0ExVWRFd0VCCi93UUZNQU1CQWY4d0RRWUpLb1pJaHZjTkFRRUxCUUFEZ2dFQkFLb0lVQWhRQjBuTlJNZlRKdGh3a3RLQW5YRUkKaDliWndzekVaWGp1NU56OTFSSytuOUNtM3N4QitaeVB3enlNbU9vM1pBY01HR2pxTXdpM0ZYNG82NGdxcFB0eQo1aER3M0RUV2JlYStmYjFBb1h6cW5Bc01rbmpaU0lwU0w4eEpJUEtPekFwbVdhdnpvT2dXOUJpVHQxM0ZURGx3Cm54YzFvOGpKNGtZL2tEWTRLYmZqOFZMUk41Q25nZ244MjdKdWNmWU5zOHhvVU9xQ1lZeWlldjFvekhwOEpkcVIKKytybVFxeGsxZ0cyQ1RZWWJxUXBpdWRuWk9CZHJUMmMwNjZBUThVZVRCL2Z3ekRNVW5jdzB3Q3dVYzhmL3huNwpGSy92cmVkQTUvTUhJTVovdm5xcTRseVlEZkd2NFU1WElpbFdHcUY0eG1qSXFtV0NiZnovdThmNUlJST0KLS0tLS1FTkQgQ0VSVElGSUNBVEUtLS0tLQo=' --apiserver-endpoint 'https://82E66C14E9B7EF683F3812A288F50D40.gr7.us-east-1.eks.amazonaws.com'  --kubelet-extra-args \"\" 'my-eks-cluster'\n\n# Allow user supplied userdata code\n\n",
            "template": "#!/bin/bash -xe\n\n# Allow user supplied pre userdata code\n${pre_userdata}\n\n# Bootstrap and join the cluster\n/etc/eks/bootstrap.sh --b64-cluster-ca '${cluster_auth_base64}' --apiserver-endpoint '${endpoint}' ${bootstrap_extra_args} --kubelet-extra-args \"${kubelet_extra_args}\" '${cluster_name}'\n\n# Allow user supplied userdata code\n${additional_userdata}\n",
            "vars": {
              "additional_userdata": "",
              "bootstrap_extra_args": "",
              "cluster_auth_base64": "LS0tLS1CRUdJTiBDRVJUSUZJQ0FURS0tLS0tCk1JSUN5RENDQWJDZ0F3SUJBZ0lCQURBTkJna3Foa2lHOXcwQkFRc0ZBREFWTVJNd0VRWURWUVFERXdwcmRXSmwKY201bGRHVnpNQjRYRFRJd01URXdOekl6TURNMU4xb1hEVE13TVRFd05USXpNRE0xTjFvd0ZURVRNQkVHQTFVRQpBeE1LYTNWaVpYSnVaWFJsY3pDQ0FTSXdEUVlKS29aSWh2Y05BUUVCQlFBRGdnRVBBRENDQVFvQ2dnRUJBTEY0ClhOS0FPUityRkUwOEpqU2xBeW1pc2lNeWZlYjdjbGNmL1FsRVNpWDNCa1ViZTdEOGVNdS93MGJWOWM2T3ZaMTAKTHh6RE9mS21pT1IzVVdiSHZ5anZ4bmJxZVdiZDI0K2FFZnhJYVNjbVUyT0lscmhpMDBoaWlMVVVTa0tDbFo1ZQo4dEJWOW1rdU1vNC95dCtxMG5kZTNBYlBrZ3R1cENXbWd3NVhlR1RrSFRKWXl3MTlsc0lkbmlMR2hvcHNiaFJPCktTOWFlYVhLUW1ZVFBpNmtOckdyTGhKY1pqTkhyQ2tpY1hMVzNIaTg1UUx1M003a2ZkQzYzeEgxVmkvVHdMV2YKUmVUWG1KYkhtOWNNSk1pbVJGZmVLdlZUeUVCb2JSZDg5TFQ5ajZLWU5WSzRjY3VLeDhLaU9SZnNmeER2RlRYRApEUnNpUy91ZWJYZkZRQi9zeFFjQ0F3RUFBYU1qTUNFd0RnWURWUjBQQVFIL0JBUURBZ0trTUE4R0ExVWRFd0VCCi93UUZNQU1CQWY4d0RRWUpLb1pJaHZjTkFRRUxCUUFEZ2dFQkFLb0lVQWhRQjBuTlJNZlRKdGh3a3RLQW5YRUkKaDliWndzekVaWGp1NU56OTFSSytuOUNtM3N4QitaeVB3enlNbU9vM1pBY01HR2pxTXdpM0ZYNG82NGdxcFB0eQo1aER3M0RUV2JlYStmYjFBb1h6cW5Bc01rbmpaU0lwU0w4eEpJUEtPekFwbVdhdnpvT2dXOUJpVHQxM0ZURGx3Cm54YzFvOGpKNGtZL2tEWTRLYmZqOFZMUk41Q25nZ244MjdKdWNmWU5zOHhvVU9xQ1lZeWlldjFvekhwOEpkcVIKKytybVFxeGsxZ0cyQ1RZWWJxUXBpdWRuWk9CZHJUMmMwNjZBUThVZVRCL2Z3ekRNVW5jdzB3Q3dVYzhmL3huNwpGSy92cmVkQTUvTUhJTVovdm5xcTRseVlEZkd2NFU1WElpbFdHcUY0eG1qSXFtV0NiZnovdThmNUlJST0KLS0tLS1FTkQgQ0VSVElGSUNBVEUtLS0tLQo=",
              "cluster_name": "my-eks-cluster",
              "endpoint": "https://82E66C14E9B7EF683F3812A288F50D40.gr7.us-east-1.eks.amazonaws.com",
              "kubelet_extra_args": "",
              "platform": "linux",
              "pre_userdata": ""
            }
          }
        }
      ]
    },
    {
      "module": "module.my-eks-cluster",
      "mode": "managed",
      "type": "aws_autoscaling_group",
      "name": "workers",
      "provider": "provider[\"registry.terraform.io/hashicorp/aws\"]",
      "instances": [
        {
          "index_key": 0,
          "schema_version": 0,
          "attributes": {
            "arn": "arn:aws:autoscaling:us-east-1:341422841066:autoScalingGroup:15c31c4f-eb21-4fa5-a846-4515757061a3:autoScalingGroupName/my-eks-cluster-02020110723092911260000000f",
            "availability_zones": [
              "us-east-1a",
              "us-east-1b",
              "us-east-1c"
            ],
            "default_cooldown": 300,
            "desired_capacity": 1,
            "enabled_metrics": null,
            "force_delete": false,
            "health_check_grace_period": 300,
            "health_check_type": "EC2",
            "id": "my-eks-cluster-02020110723092911260000000f",
            "initial_lifecycle_hook": [],
            "launch_configuration": "my-eks-cluster-02020110723091985700000000e",
            "launch_template": [],
            "load_balancers": null,
            "max_instance_lifetime": 0,
            "max_size": 2,
            "metrics_granularity": "1Minute",
            "min_elb_capacity": null,
            "min_size": 1,
            "mixed_instances_policy": [],
            "name": "my-eks-cluster-02020110723092911260000000f",
            "name_prefix": "my-eks-cluster-0",
            "placement_group": "",
            "protect_from_scale_in": false,
            "service_linked_role_arn": "arn:aws:iam::341422841066:role/aws-service-role/autoscaling.amazonaws.com/AWSServiceRoleForAutoScaling",
            "suspended_processes": [
              "AZRebalance"
            ],
            "tag": [
              {
                "key": "Name",
                "propagate_at_launch": true,
                "value": "my-eks-cluster-0-eks_asg"
              },
              {
                "key": "k8s.io/cluster/my-eks-cluster",
                "propagate_at_launch": true,
                "value": "owned"
              },
              {
                "key": "kubernetes.io/cluster/my-eks-cluster",
                "propagate_at_launch": true,
                "value": "owned"
              }
            ],
            "tags": null,
            "target_group_arns": null,
            "termination_policies": [],
            "timeouts": null,
            "vpc_zone_identifier": [
              "subnet-01d8b626ec53eff6b",
              "subnet-040ddad471b4e6523",
              "subnet-0c0dbac3ff1fac012"
            ],
            "wait_for_capacity_timeout": "10m",
            "wait_for_elb_capacity": null
          },
          "private": "eyJlMmJmYjczMC1lY2FhLTExZTYtOGY4OC0zNDM2M2JjN2M0YzAiOnsiZGVsZXRlIjo2MDAwMDAwMDAwMDB9fQ==",
          "dependencies": [
            "module.eksvpc.aws_subnet.private",
            "module.eksvpc.aws_vpc.this",
            "module.eksvpc.aws_vpc_ipv4_cidr_block_association.this",
            "module.my-eks-cluster.aws_cloudwatch_log_group.this",
            "module.my-eks-cluster.aws_eks_cluster.this",
            "module.my-eks-cluster.aws_iam_instance_profile.workers",
            "module.my-eks-cluster.aws_iam_role.cluster",
            "module.my-eks-cluster.aws_iam_role.workers",
            "module.my-eks-cluster.aws_iam_role_policy_attachment.cluster_AmazonEKSClusterPolicy",
            "module.my-eks-cluster.aws_iam_role_policy_attachment.cluster_AmazonEKSServicePolicy",
            "module.my-eks-cluster.aws_iam_role_policy_attachment.cluster_AmazonEKSVPCResourceControllerPolicy",
            "module.my-eks-cluster.aws_iam_role_policy_attachment.workers_AmazonEC2ContainerRegistryReadOnly",
            "module.my-eks-cluster.aws_iam_role_policy_attachment.workers_AmazonEKSWorkerNodePolicy",
            "module.my-eks-cluster.aws_iam_role_policy_attachment.workers_AmazonEKS_CNI_Policy",
            "module.my-eks-cluster.aws_iam_role_policy_attachment.workers_additional_policies",
            "module.my-eks-cluster.aws_launch_configuration.workers",
            "module.my-eks-cluster.aws_security_group.cluster",
            "module.my-eks-cluster.aws_security_group.workers",
            "module.my-eks-cluster.aws_security_group_rule.cluster_egress_internet",
            "module.my-eks-cluster.aws_security_group_rule.cluster_https_worker_ingress",
            "module.my-eks-cluster.aws_security_group_rule.cluster_primary_ingress_workers",
            "module.my-eks-cluster.aws_security_group_rule.workers_egress_internet",
            "module.my-eks-cluster.aws_security_group_rule.workers_ingress_cluster",
            "module.my-eks-cluster.aws_security_group_rule.workers_ingress_cluster_https",
            "module.my-eks-cluster.aws_security_group_rule.workers_ingress_cluster_kubelet",
            "module.my-eks-cluster.aws_security_group_rule.workers_ingress_cluster_primary",
            "module.my-eks-cluster.aws_security_group_rule.workers_ingress_self",
            "module.my-eks-cluster.data.aws_ami.eks_worker",
            "module.my-eks-cluster.data.aws_ami.eks_worker_windows",
            "module.my-eks-cluster.data.aws_iam_instance_profile.custom_worker_group_iam_instance_profile",
            "module.my-eks-cluster.data.aws_iam_policy_document.cluster_assume_role_policy",
            "module.my-eks-cluster.data.aws_iam_policy_document.workers_assume_role_policy",
            "module.my-eks-cluster.data.aws_iam_role.custom_cluster_iam_role",
            "module.my-eks-cluster.data.aws_partition.current",
            "module.my-eks-cluster.data.template_file.userdata",
            "module.my-eks-cluster.random_pet.workers"
          ],
          "create_before_destroy": true
        }
      ]
    },
    {
      "module": "module.my-eks-cluster",
      "mode": "managed",
      "type": "aws_eks_cluster",
      "name": "this",
      "provider": "provider[\"registry.terraform.io/hashicorp/aws\"]",
      "instances": [
        {
          "index_key": 0,
          "schema_version": 0,
          "attributes": {
            "arn": "arn:aws:eks:us-east-1:341422841066:cluster/my-eks-cluster",
            "certificate_authority": [
              {
                "data": "LS0tLS1CRUdJTiBDRVJUSUZJQ0FURS0tLS0tCk1JSUN5RENDQWJDZ0F3SUJBZ0lCQURBTkJna3Foa2lHOXcwQkFRc0ZBREFWTVJNd0VRWURWUVFERXdwcmRXSmwKY201bGRHVnpNQjRYRFRJd01URXdOekl6TURNMU4xb1hEVE13TVRFd05USXpNRE0xTjFvd0ZURVRNQkVHQTFVRQpBeE1LYTNWaVpYSnVaWFJsY3pDQ0FTSXdEUVlKS29aSWh2Y05BUUVCQlFBRGdnRVBBRENDQVFvQ2dnRUJBTEY0ClhOS0FPUityRkUwOEpqU2xBeW1pc2lNeWZlYjdjbGNmL1FsRVNpWDNCa1ViZTdEOGVNdS93MGJWOWM2T3ZaMTAKTHh6RE9mS21pT1IzVVdiSHZ5anZ4bmJxZVdiZDI0K2FFZnhJYVNjbVUyT0lscmhpMDBoaWlMVVVTa0tDbFo1ZQo4dEJWOW1rdU1vNC95dCtxMG5kZTNBYlBrZ3R1cENXbWd3NVhlR1RrSFRKWXl3MTlsc0lkbmlMR2hvcHNiaFJPCktTOWFlYVhLUW1ZVFBpNmtOckdyTGhKY1pqTkhyQ2tpY1hMVzNIaTg1UUx1M003a2ZkQzYzeEgxVmkvVHdMV2YKUmVUWG1KYkhtOWNNSk1pbVJGZmVLdlZUeUVCb2JSZDg5TFQ5ajZLWU5WSzRjY3VLeDhLaU9SZnNmeER2RlRYRApEUnNpUy91ZWJYZkZRQi9zeFFjQ0F3RUFBYU1qTUNFd0RnWURWUjBQQVFIL0JBUURBZ0trTUE4R0ExVWRFd0VCCi93UUZNQU1CQWY4d0RRWUpLb1pJaHZjTkFRRUxCUUFEZ2dFQkFLb0lVQWhRQjBuTlJNZlRKdGh3a3RLQW5YRUkKaDliWndzekVaWGp1NU56OTFSSytuOUNtM3N4QitaeVB3enlNbU9vM1pBY01HR2pxTXdpM0ZYNG82NGdxcFB0eQo1aER3M0RUV2JlYStmYjFBb1h6cW5Bc01rbmpaU0lwU0w4eEpJUEtPekFwbVdhdnpvT2dXOUJpVHQxM0ZURGx3Cm54YzFvOGpKNGtZL2tEWTRLYmZqOFZMUk41Q25nZ244MjdKdWNmWU5zOHhvVU9xQ1lZeWlldjFvekhwOEpkcVIKKytybVFxeGsxZ0cyQ1RZWWJxUXBpdWRuWk9CZHJUMmMwNjZBUThVZVRCL2Z3ekRNVW5jdzB3Q3dVYzhmL3huNwpGSy92cmVkQTUvTUhJTVovdm5xcTRseVlEZkd2NFU1WElpbFdHcUY0eG1qSXFtV0NiZnovdThmNUlJST0KLS0tLS1FTkQgQ0VSVElGSUNBVEUtLS0tLQo="
              }
            ],
            "created_at": "2020-11-07 22:54:17.67 +0000 UTC",
            "enabled_cluster_log_types": null,
            "encryption_config": [],
            "endpoint": "https://82E66C14E9B7EF683F3812A288F50D40.gr7.us-east-1.eks.amazonaws.com",
            "id": "my-eks-cluster",
            "identity": [
              {
                "oidc": [
                  {
                    "issuer": "https://oidc.eks.us-east-1.amazonaws.com/id/82E66C14E9B7EF683F3812A288F50D40"
                  }
                ]
              }
            ],
            "name": "my-eks-cluster",
            "platform_version": "eks.4",
            "role_arn": "arn:aws:iam::341422841066:role/my-eks-cluster20201107225409644700000002",
            "status": "ACTIVE",
            "tags": null,
            "timeouts": {
              "create": "30m",
              "delete": "15m",
              "update": null
            },
            "version": "1.17",
            "vpc_config": [
              {
                "cluster_security_group_id": "sg-054c3f0d0d679b6a8",
                "endpoint_private_access": false,
                "endpoint_public_access": true,
                "public_access_cidrs": [
                  "0.0.0.0/0"
                ],
                "security_group_ids": [
                  "sg-0326f197ad8c7333c"
                ],
                "subnet_ids": [
                  "subnet-01d8b626ec53eff6b",
                  "subnet-040ddad471b4e6523",
                  "subnet-0c0dbac3ff1fac012"
                ],
                "vpc_id": "vpc-0cbd7b0146f9cba0d"
              }
            ]
          },
          "private": "eyJlMmJmYjczMC1lY2FhLTExZTYtOGY4OC0zNDM2M2JjN2M0YzAiOnsiY3JlYXRlIjoxODAwMDAwMDAwMDAwLCJkZWxldGUiOjkwMDAwMDAwMDAwMCwidXBkYXRlIjozNjAwMDAwMDAwMDAwfX0=",
          "dependencies": [
            "module.eksvpc.aws_subnet.private",
            "module.eksvpc.aws_vpc.this",
            "module.eksvpc.aws_vpc_ipv4_cidr_block_association.this",
            "module.my-eks-cluster.aws_cloudwatch_log_group.this",
            "module.my-eks-cluster.aws_iam_role.cluster",
            "module.my-eks-cluster.aws_iam_role_policy_attachment.cluster_AmazonEKSClusterPolicy",
            "module.my-eks-cluster.aws_iam_role_policy_attachment.cluster_AmazonEKSServicePolicy",
            "module.my-eks-cluster.aws_iam_role_policy_attachment.cluster_AmazonEKSVPCResourceControllerPolicy",
            "module.my-eks-cluster.aws_security_group.cluster",
            "module.my-eks-cluster.aws_security_group.workers",
            "module.my-eks-cluster.aws_security_group_rule.cluster_egress_internet",
            "module.my-eks-cluster.aws_security_group_rule.cluster_https_worker_ingress",
            "module.my-eks-cluster.data.aws_iam_policy_document.cluster_assume_role_policy",
            "module.my-eks-cluster.data.aws_iam_role.custom_cluster_iam_role",
            "module.my-eks-cluster.data.aws_partition.current"
          ],
          "create_before_destroy": true
        }
      ]
    },
    {
      "module": "module.my-eks-cluster",
      "mode": "managed",
      "type": "aws_iam_instance_profile",
      "name": "workers",
      "provider": "provider[\"registry.terraform.io/hashicorp/aws\"]",
      "instances": [
        {
          "index_key": 0,
          "schema_version": 0,
          "attributes": {
            "arn": "arn:aws:iam::341422841066:instance-profile/my-eks-cluster2020110723091880050000000a",
            "create_date": "2020-11-07T23:09:18Z",
            "id": "my-eks-cluster2020110723091880050000000a",
            "name": "my-eks-cluster2020110723091880050000000a",
            "name_prefix": "my-eks-cluster",
            "path": "/",
            "role": "my-eks-cluster20201107230918305300000009",
            "unique_id": "AIPAU67TDDTVHBRVTHOJD"
          },
          "private": "bnVsbA==",
          "dependencies": [
            "module.eksvpc.aws_subnet.private",
            "module.eksvpc.aws_vpc.this",
            "module.eksvpc.aws_vpc_ipv4_cidr_block_association.this",
            "module.my-eks-cluster.aws_cloudwatch_log_group.this",
            "module.my-eks-cluster.aws_eks_cluster.this",
            "module.my-eks-cluster.aws_iam_role.cluster",
            "module.my-eks-cluster.aws_iam_role.workers",
            "module.my-eks-cluster.aws_iam_role_policy_attachment.cluster_AmazonEKSClusterPolicy",
            "module.my-eks-cluster.aws_iam_role_policy_attachment.cluster_AmazonEKSServicePolicy",
            "module.my-eks-cluster.aws_iam_role_policy_attachment.cluster_AmazonEKSVPCResourceControllerPolicy",
            "module.my-eks-cluster.aws_security_group.cluster",
            "module.my-eks-cluster.aws_security_group.workers",
            "module.my-eks-cluster.aws_security_group_rule.cluster_egress_internet",
            "module.my-eks-cluster.aws_security_group_rule.cluster_https_worker_ingress",
            "module.my-eks-cluster.data.aws_iam_policy_document.cluster_assume_role_policy",
            "module.my-eks-cluster.data.aws_iam_policy_document.workers_assume_role_policy",
            "module.my-eks-cluster.data.aws_iam_role.custom_cluster_iam_role",
            "module.my-eks-cluster.data.aws_partition.current"
          ],
          "create_before_destroy": true
        }
      ]
    },
    {
      "module": "module.my-eks-cluster",
      "mode": "managed",
      "type": "aws_iam_policy",
      "name": "cluster_elb_sl_role_creation",
      "provider": "provider[\"registry.terraform.io/hashicorp/aws\"]",
      "instances": [
        {
          "index_key": 0,
          "schema_version": 0,
          "attributes": {
            "arn": "arn:aws:iam::341422841066:policy/my-eks-cluster-elb-sl-role-creation20201107225409644500000001",
            "description": "Permissions for EKS to create AWSServiceRoleForElasticLoadBalancing service-linked role",
            "id": "arn:aws:iam::341422841066:policy/my-eks-cluster-elb-sl-role-creation20201107225409644500000001",
            "name": "my-eks-cluster-elb-sl-role-creation20201107225409644500000001",
            "name_prefix": "my-eks-cluster-elb-sl-role-creation",
            "path": "/",
            "policy": "{\n  \"Version\": \"2012-10-17\",\n  \"Statement\": [\n    {\n      \"Sid\": \"\",\n      \"Effect\": \"Allow\",\n      \"Action\": [\n        \"ec2:DescribeInternetGateways\",\n        \"ec2:DescribeAccountAttributes\"\n      ],\n      \"Resource\": \"*\"\n    }\n  ]\n}"
          },
          "private": "bnVsbA==",
          "dependencies": [
            "module.my-eks-cluster.data.aws_iam_policy_document.cluster_elb_sl_role_creation"
          ]
        }
      ]
    },
    {
      "module": "module.my-eks-cluster",
      "mode": "managed",
      "type": "aws_iam_role",
      "name": "cluster",
      "provider": "provider[\"registry.terraform.io/hashicorp/aws\"]",
      "instances": [
        {
          "index_key": 0,
          "schema_version": 0,
          "attributes": {
            "arn": "arn:aws:iam::341422841066:role/my-eks-cluster20201107225409644700000002",
            "assume_role_policy": "{\"Version\":\"2012-10-17\",\"Statement\":[{\"Sid\":\"EKSClusterAssumeRole\",\"Effect\":\"Allow\",\"Principal\":{\"Service\":\"eks.amazonaws.com\"},\"Action\":\"sts:AssumeRole\"}]}",
            "create_date": "2020-11-07T22:54:09Z",
            "description": "",
            "force_detach_policies": true,
            "id": "my-eks-cluster20201107225409644700000002",
            "max_session_duration": 3600,
            "name": "my-eks-cluster20201107225409644700000002",
            "name_prefix": "my-eks-cluster",
            "path": "/",
            "permissions_boundary": null,
            "tags": null,
            "unique_id": "AROAU67TDDTVNVP2BQ2XL"
          },
          "private": "bnVsbA==",
          "dependencies": [
            "module.my-eks-cluster.data.aws_iam_policy_document.cluster_assume_role_policy"
          ],
          "create_before_destroy": true
        }
      ]
    },
    {
      "module": "module.my-eks-cluster",
      "mode": "managed",
      "type": "aws_iam_role",
      "name": "workers",
      "provider": "provider[\"registry.terraform.io/hashicorp/aws\"]",
      "instances": [
        {
          "index_key": 0,
          "schema_version": 0,
          "attributes": {
            "arn": "arn:aws:iam::341422841066:role/my-eks-cluster20201107230918305300000009",
            "assume_role_policy": "{\"Version\":\"2012-10-17\",\"Statement\":[{\"Sid\":\"EKSWorkerAssumeRole\",\"Effect\":\"Allow\",\"Principal\":{\"Service\":\"ec2.amazonaws.com\"},\"Action\":\"sts:AssumeRole\"}]}",
            "create_date": "2020-11-07T23:09:18Z",
            "description": "",
            "force_detach_policies": true,
            "id": "my-eks-cluster20201107230918305300000009",
            "max_session_duration": 3600,
            "name": "my-eks-cluster20201107230918305300000009",
            "name_prefix": "my-eks-cluster",
            "path": "/",
            "permissions_boundary": null,
            "tags": null,
            "unique_id": "AROAU67TDDTVAXKRSDAW3"
          },
          "private": "bnVsbA==",
          "dependencies": [
            "module.eksvpc.aws_subnet.private",
            "module.eksvpc.aws_vpc.this",
            "module.eksvpc.aws_vpc_ipv4_cidr_block_association.this",
            "module.my-eks-cluster.aws_cloudwatch_log_group.this",
            "module.my-eks-cluster.aws_eks_cluster.this",
            "module.my-eks-cluster.aws_iam_role.cluster",
            "module.my-eks-cluster.aws_iam_role_policy_attachment.cluster_AmazonEKSClusterPolicy",
            "module.my-eks-cluster.aws_iam_role_policy_attachment.cluster_AmazonEKSServicePolicy",
            "module.my-eks-cluster.aws_iam_role_policy_attachment.cluster_AmazonEKSVPCResourceControllerPolicy",
            "module.my-eks-cluster.aws_security_group.cluster",
            "module.my-eks-cluster.aws_security_group.workers",
            "module.my-eks-cluster.aws_security_group_rule.cluster_egress_internet",
            "module.my-eks-cluster.aws_security_group_rule.cluster_https_worker_ingress",
            "module.my-eks-cluster.data.aws_iam_policy_document.cluster_assume_role_policy",
            "module.my-eks-cluster.data.aws_iam_policy_document.workers_assume_role_policy",
            "module.my-eks-cluster.data.aws_iam_role.custom_cluster_iam_role",
            "module.my-eks-cluster.data.aws_partition.current"
          ],
          "create_before_destroy": true
        }
      ]
    },
    {
      "module": "module.my-eks-cluster",
      "mode": "managed",
      "type": "aws_iam_role_policy_attachment",
      "name": "cluster_AmazonEKSClusterPolicy",
      "provider": "provider[\"registry.terraform.io/hashicorp/aws\"]",
      "instances": [
        {
          "index_key": 0,
          "schema_version": 0,
          "attributes": {
            "id": "my-eks-cluster20201107225409644700000002-20201107225410413600000004",
            "policy_arn": "arn:aws:iam::aws:policy/AmazonEKSClusterPolicy",
            "role": "my-eks-cluster20201107225409644700000002"
          },
          "private": "bnVsbA==",
          "dependencies": [
            "module.my-eks-cluster.aws_iam_role.cluster",
            "module.my-eks-cluster.data.aws_iam_policy_document.cluster_assume_role_policy",
            "module.my-eks-cluster.data.aws_partition.current"
          ],
          "create_before_destroy": true
        }
      ]
    },
    {
      "module": "module.my-eks-cluster",
      "mode": "managed",
      "type": "aws_iam_role_policy_attachment",
      "name": "cluster_AmazonEKSServicePolicy",
      "provider": "provider[\"registry.terraform.io/hashicorp/aws\"]",
      "instances": [
        {
          "index_key": 0,
          "schema_version": 0,
          "attributes": {
            "id": "my-eks-cluster20201107225409644700000002-20201107225410380000000003",
            "policy_arn": "arn:aws:iam::aws:policy/AmazonEKSServicePolicy",
            "role": "my-eks-cluster20201107225409644700000002"
          },
          "private": "bnVsbA==",
          "dependencies": [
            "module.my-eks-cluster.aws_iam_role.cluster",
            "module.my-eks-cluster.data.aws_iam_policy_document.cluster_assume_role_policy",
            "module.my-eks-cluster.data.aws_partition.current"
          ],
          "create_before_destroy": true
        }
      ]
    },
    {
      "module": "module.my-eks-cluster",
      "mode": "managed",
      "type": "aws_iam_role_policy_attachment",
      "name": "cluster_AmazonEKSVPCResourceControllerPolicy",
      "provider": "provider[\"registry.terraform.io/hashicorp/aws\"]",
      "instances": [
        {
          "index_key": 0,
          "schema_version": 0,
          "attributes": {
            "id": "my-eks-cluster20201107225409644700000002-20201107225410454900000005",
            "policy_arn": "arn:aws:iam::aws:policy/AmazonEKSVPCResourceController",
            "role": "my-eks-cluster20201107225409644700000002"
          },
          "private": "bnVsbA==",
          "dependencies": [
            "module.my-eks-cluster.aws_iam_role.cluster",
            "module.my-eks-cluster.data.aws_iam_policy_document.cluster_assume_role_policy",
            "module.my-eks-cluster.data.aws_partition.current"
          ],
          "create_before_destroy": true
        }
      ]
    },
    {
      "module": "module.my-eks-cluster",
      "mode": "managed",
      "type": "aws_iam_role_policy_attachment",
      "name": "cluster_elb_sl_role_creation",
      "provider": "provider[\"registry.terraform.io/hashicorp/aws\"]",
      "instances": [
        {
          "index_key": 0,
          "schema_version": 0,
          "attributes": {
            "id": "my-eks-cluster20201107225409644700000002-20201107225410600000000006",
            "policy_arn": "arn:aws:iam::341422841066:policy/my-eks-cluster-elb-sl-role-creation20201107225409644500000001",
            "role": "my-eks-cluster20201107225409644700000002"
          },
          "private": "bnVsbA==",
          "dependencies": [
            "module.my-eks-cluster.aws_iam_policy.cluster_elb_sl_role_creation",
            "module.my-eks-cluster.aws_iam_role.cluster",
            "module.my-eks-cluster.data.aws_iam_policy_document.cluster_assume_role_policy",
            "module.my-eks-cluster.data.aws_iam_policy_document.cluster_elb_sl_role_creation"
          ]
        }
      ]
    },
    {
      "module": "module.my-eks-cluster",
      "mode": "managed",
      "type": "aws_iam_role_policy_attachment",
      "name": "workers_AmazonEC2ContainerRegistryReadOnly",
      "provider": "provider[\"registry.terraform.io/hashicorp/aws\"]",
      "instances": [
        {
          "index_key": 0,
          "schema_version": 0,
          "attributes": {
            "id": "my-eks-cluster20201107230918305300000009-2020110723091900060000000b",
            "policy_arn": "arn:aws:iam::aws:policy/AmazonEC2ContainerRegistryReadOnly",
            "role": "my-eks-cluster20201107230918305300000009"
          },
          "private": "bnVsbA==",
          "dependencies": [
            "module.eksvpc.aws_subnet.private",
            "module.eksvpc.aws_vpc.this",
            "module.eksvpc.aws_vpc_ipv4_cidr_block_association.this",
            "module.my-eks-cluster.aws_cloudwatch_log_group.this",
            "module.my-eks-cluster.aws_eks_cluster.this",
            "module.my-eks-cluster.aws_iam_role.cluster",
            "module.my-eks-cluster.aws_iam_role.workers",
            "module.my-eks-cluster.aws_iam_role_policy_attachment.cluster_AmazonEKSClusterPolicy",
            "module.my-eks-cluster.aws_iam_role_policy_attachment.cluster_AmazonEKSServicePolicy",
            "module.my-eks-cluster.aws_iam_role_policy_attachment.cluster_AmazonEKSVPCResourceControllerPolicy",
            "module.my-eks-cluster.aws_security_group.cluster",
            "module.my-eks-cluster.aws_security_group.workers",
            "module.my-eks-cluster.aws_security_group_rule.cluster_egress_internet",
            "module.my-eks-cluster.aws_security_group_rule.cluster_https_worker_ingress",
            "module.my-eks-cluster.data.aws_iam_policy_document.cluster_assume_role_policy",
            "module.my-eks-cluster.data.aws_iam_policy_document.workers_assume_role_policy",
            "module.my-eks-cluster.data.aws_iam_role.custom_cluster_iam_role",
            "module.my-eks-cluster.data.aws_partition.current"
          ],
          "create_before_destroy": true
        }
      ]
    },
    {
      "module": "module.my-eks-cluster",
      "mode": "managed",
      "type": "aws_iam_role_policy_attachment",
      "name": "workers_AmazonEKSWorkerNodePolicy",
      "provider": "provider[\"registry.terraform.io/hashicorp/aws\"]",
      "instances": [
        {
          "index_key": 0,
          "schema_version": 0,
          "attributes": {
            "id": "my-eks-cluster20201107230918305300000009-2020110723091906320000000d",
            "policy_arn": "arn:aws:iam::aws:policy/AmazonEKSWorkerNodePolicy",
            "role": "my-eks-cluster20201107230918305300000009"
          },
          "private": "bnVsbA==",
          "dependencies": [
            "module.eksvpc.aws_subnet.private",
            "module.eksvpc.aws_vpc.this",
            "module.eksvpc.aws_vpc_ipv4_cidr_block_association.this",
            "module.my-eks-cluster.aws_cloudwatch_log_group.this",
            "module.my-eks-cluster.aws_eks_cluster.this",
            "module.my-eks-cluster.aws_iam_role.cluster",
            "module.my-eks-cluster.aws_iam_role.workers",
            "module.my-eks-cluster.aws_iam_role_policy_attachment.cluster_AmazonEKSClusterPolicy",
            "module.my-eks-cluster.aws_iam_role_policy_attachment.cluster_AmazonEKSServicePolicy",
            "module.my-eks-cluster.aws_iam_role_policy_attachment.cluster_AmazonEKSVPCResourceControllerPolicy",
            "module.my-eks-cluster.aws_security_group.cluster",
            "module.my-eks-cluster.aws_security_group.workers",
            "module.my-eks-cluster.aws_security_group_rule.cluster_egress_internet",
            "module.my-eks-cluster.aws_security_group_rule.cluster_https_worker_ingress",
            "module.my-eks-cluster.data.aws_iam_policy_document.cluster_assume_role_policy",
            "module.my-eks-cluster.data.aws_iam_policy_document.workers_assume_role_policy",
            "module.my-eks-cluster.data.aws_iam_role.custom_cluster_iam_role",
            "module.my-eks-cluster.data.aws_partition.current"
          ],
          "create_before_destroy": true
        }
      ]
    },
    {
      "module": "module.my-eks-cluster",
      "mode": "managed",
      "type": "aws_iam_role_policy_attachment",
      "name": "workers_AmazonEKS_CNI_Policy",
      "provider": "provider[\"registry.terraform.io/hashicorp/aws\"]",
      "instances": [
        {
          "index_key": 0,
          "schema_version": 0,
          "attributes": {
            "id": "my-eks-cluster20201107230918305300000009-2020110723091900800000000c",
            "policy_arn": "arn:aws:iam::aws:policy/AmazonEKS_CNI_Policy",
            "role": "my-eks-cluster20201107230918305300000009"
          },
          "private": "bnVsbA==",
          "dependencies": [
            "module.eksvpc.aws_subnet.private",
            "module.eksvpc.aws_vpc.this",
            "module.eksvpc.aws_vpc_ipv4_cidr_block_association.this",
            "module.my-eks-cluster.aws_cloudwatch_log_group.this",
            "module.my-eks-cluster.aws_eks_cluster.this",
            "module.my-eks-cluster.aws_iam_role.cluster",
            "module.my-eks-cluster.aws_iam_role.workers",
            "module.my-eks-cluster.aws_iam_role_policy_attachment.cluster_AmazonEKSClusterPolicy",
            "module.my-eks-cluster.aws_iam_role_policy_attachment.cluster_AmazonEKSServicePolicy",
            "module.my-eks-cluster.aws_iam_role_policy_attachment.cluster_AmazonEKSVPCResourceControllerPolicy",
            "module.my-eks-cluster.aws_security_group.cluster",
            "module.my-eks-cluster.aws_security_group.workers",
            "module.my-eks-cluster.aws_security_group_rule.cluster_egress_internet",
            "module.my-eks-cluster.aws_security_group_rule.cluster_https_worker_ingress",
            "module.my-eks-cluster.data.aws_iam_policy_document.cluster_assume_role_policy",
            "module.my-eks-cluster.data.aws_iam_policy_document.workers_assume_role_policy",
            "module.my-eks-cluster.data.aws_iam_role.custom_cluster_iam_role",
            "module.my-eks-cluster.data.aws_partition.current"
          ],
          "create_before_destroy": true
        }
      ]
    },
    {
      "module": "module.my-eks-cluster",
      "mode": "managed",
      "type": "aws_launch_configuration",
      "name": "workers",
      "provider": "provider[\"registry.terraform.io/hashicorp/aws\"]",
      "instances": [
        {
          "index_key": 0,
          "schema_version": 0,
          "attributes": {
            "arn": "arn:aws:autoscaling:us-east-1:341422841066:launchConfiguration:8f31d07f-932c-4abf-8d69-cdfabcaf0feb:launchConfigurationName/my-eks-cluster-02020110723091985700000000e",
            "associate_public_ip_address": false,
            "ebs_block_device": [],
            "ebs_optimized": true,
            "enable_monitoring": true,
            "ephemeral_block_device": [],
            "iam_instance_profile": "my-eks-cluster2020110723091880050000000a",
            "id": "my-eks-cluster-02020110723091985700000000e",
            "image_id": "ami-07250434f8a7bc5f1",
            "instance_type": "m4.large",
            "key_name": "",
            "name": "my-eks-cluster-02020110723091985700000000e",
            "name_prefix": "my-eks-cluster-0",
            "placement_tenancy": "",
            "root_block_device": [
              {
                "delete_on_termination": true,
                "encrypted": false,
                "iops": 0,
                "volume_size": 100,
                "volume_type": "gp2"
              }
            ],
            "security_groups": [
              "sg-0a37cd13845396f4a"
            ],
            "spot_price": "",
            "user_data": null,
            "user_data_base64": "IyEvYmluL2Jhc2ggLXhlCgojIEFsbG93IHVzZXIgc3VwcGxpZWQgcHJlIHVzZXJkYXRhIGNvZGUKCgojIEJvb3RzdHJhcCBhbmQgam9pbiB0aGUgY2x1c3RlcgovZXRjL2Vrcy9ib290c3RyYXAuc2ggLS1iNjQtY2x1c3Rlci1jYSAnTFMwdExTMUNSVWRKVGlCRFJWSlVTVVpKUTBGVVJTMHRMUzB0Q2sxSlNVTjVSRU5EUVdKRFowRjNTVUpCWjBsQ1FVUkJUa0puYTNGb2EybEhPWGN3UWtGUmMwWkJSRUZXVFZKTmQwVlJXVVJXVVZGRVJYZHdjbVJYU213S1kyMDFiR1JIVm5wTlFqUllSRlJKZDAxVVJYZE9la2w2VFVSTk1VNHhiMWhFVkUxM1RWUkZkMDVVU1hwTlJFMHhUakZ2ZDBaVVJWUk5Ra1ZIUVRGVlJRcEJlRTFMWVROV2FWcFlTblZhV0ZKc1kzcERRMEZUU1hkRVVWbEtTMjlhU1doMlkwNUJVVVZDUWxGQlJHZG5SVkJCUkVORFFWRnZRMmRuUlVKQlRFWTBDbGhPUzBGUFVpdHlSa1V3T0VwcVUyeEJlVzFwYzJsTmVXWmxZamRqYkdObUwxRnNSVk5wV0ROQ2ExVmlaVGRFT0dWTmRTOTNNR0pXT1dNMlQzWmFNVEFLVEhoNlJFOW1TMjFwVDFJelZWZGlTSFo1YW5aNGJtSnhaVmRpWkRJMEsyRkZabmhKWVZOamJWVXlUMGxzY21ocE1EQm9hV2xNVlZWVGEwdERiRm8xWlFvNGRFSldPVzFyZFUxdk5DOTVkQ3R4TUc1a1pUTkJZbEJyWjNSMWNFTlhiV2QzTlZobFIxUnJTRlJLV1hsM01UbHNjMGxrYm1sTVIyaHZjSE5pYUZKUENrdFRPV0ZsWVZoTFVXMVpWRkJwTm10T2NrZHlUR2hLWTFwcVRraHlRMnRwWTFoTVZ6TklhVGcxVVV4MU0wMDNhMlprUXpZemVFZ3hWbWt2VkhkTVYyWUtVbVZVV0cxS1lraHRPV05OU2sxcGJWSkdabVZMZGxaVWVVVkNiMkpTWkRnNVRGUTVhalpMV1U1V1N6UmpZM1ZMZURoTGFVOVNabk5tZUVSMlJsUllSQXBFVW5OcFV5OTFaV0pZWmtaUlFpOXplRkZqUTBGM1JVRkJZVTFxVFVORmQwUm5XVVJXVWpCUVFWRklMMEpCVVVSQlowdHJUVUU0UjBFeFZXUkZkMFZDQ2k5M1VVWk5RVTFDUVdZNGQwUlJXVXBMYjFwSmFIWmpUa0ZSUlV4Q1VVRkVaMmRGUWtGTGIwbFZRV2hSUWpCdVRsSk5abFJLZEdoM2EzUkxRVzVZUlVrS2FEbGlXbmR6ZWtWYVdHcDFOVTU2T1RGU1N5dHVPVU50TTNONFFpdGFlVkIzZW5sTmJVOXZNMXBCWTAxSFIycHhUWGRwTTBaWU5HODJOR2R4Y0ZCMGVRbzFhRVIzTTBSVVYySmxZU3RtWWpGQmIxaDZjVzVCYzAxcmJtcGFVMGx3VTB3NGVFcEpVRXRQZWtGd2JWZGhkbnB2VDJkWE9VSnBWSFF4TTBaVVJHeDNDbTU0WXpGdk9HcEtOR3RaTDJ0RVdUUkxZbVpxT0ZaTVVrNDFRMjVuWjI0NE1qZEtkV05tV1U1ek9IaHZWVTl4UTFsWmVXbGxkakZ2ZWtod09FcGtjVklLS3l0eWJWRnhlR3N4WjBjeVExUlpXV0p4VVhCcGRXUnVXazlDWkhKVU1tTXdOalpCVVRoVlpWUkNMMlozZWtSTlZXNWpkekIzUTNkVll6aG1MM2h1TndwR1N5OTJjbVZrUVRVdlRVaEpUVm92ZG01eGNUUnNlVmxFWmtkMk5GVTFXRWxwYkZkSGNVWTBlRzFxU1hGdFYwTmlabm92ZFRobU5VbEpTVDBLTFMwdExTMUZUa1FnUTBWU1ZFbEdTVU5CVkVVdExTMHRMUW89JyAtLWFwaXNlcnZlci1lbmRwb2ludCAnaHR0cHM6Ly84MkU2NkMxNEU5QjdFRjY4M0YzODEyQTI4OEY1MEQ0MC5ncjcudXMtZWFzdC0xLmVrcy5hbWF6b25hd3MuY29tJyAgLS1rdWJlbGV0LWV4dHJhLWFyZ3MgIiIgJ215LWVrcy1jbHVzdGVyJwoKIyBBbGxvdyB1c2VyIHN1cHBsaWVkIHVzZXJkYXRhIGNvZGUKCg==",
            "vpc_classic_link_id": "",
            "vpc_classic_link_security_groups": null
          },
          "private": "bnVsbA==",
          "dependencies": [
            "module.eksvpc.aws_subnet.private",
            "module.eksvpc.aws_vpc.this",
            "module.eksvpc.aws_vpc_ipv4_cidr_block_association.this",
            "module.my-eks-cluster.aws_cloudwatch_log_group.this",
            "module.my-eks-cluster.aws_eks_cluster.this",
            "module.my-eks-cluster.aws_iam_instance_profile.workers",
            "module.my-eks-cluster.aws_iam_role.cluster",
            "module.my-eks-cluster.aws_iam_role.workers",
            "module.my-eks-cluster.aws_iam_role_policy_attachment.cluster_AmazonEKSClusterPolicy",
            "module.my-eks-cluster.aws_iam_role_policy_attachment.cluster_AmazonEKSServicePolicy",
            "module.my-eks-cluster.aws_iam_role_policy_attachment.cluster_AmazonEKSVPCResourceControllerPolicy",
            "module.my-eks-cluster.aws_iam_role_policy_attachment.workers_AmazonEC2ContainerRegistryReadOnly",
            "module.my-eks-cluster.aws_iam_role_policy_attachment.workers_AmazonEKSWorkerNodePolicy",
            "module.my-eks-cluster.aws_iam_role_policy_attachment.workers_AmazonEKS_CNI_Policy",
            "module.my-eks-cluster.aws_iam_role_policy_attachment.workers_additional_policies",
            "module.my-eks-cluster.aws_security_group.cluster",
            "module.my-eks-cluster.aws_security_group.workers",
            "module.my-eks-cluster.aws_security_group_rule.cluster_egress_internet",
            "module.my-eks-cluster.aws_security_group_rule.cluster_https_worker_ingress",
            "module.my-eks-cluster.aws_security_group_rule.cluster_primary_ingress_workers",
            "module.my-eks-cluster.aws_security_group_rule.workers_egress_internet",
            "module.my-eks-cluster.aws_security_group_rule.workers_ingress_cluster",
            "module.my-eks-cluster.aws_security_group_rule.workers_ingress_cluster_https",
            "module.my-eks-cluster.aws_security_group_rule.workers_ingress_cluster_kubelet",
            "module.my-eks-cluster.aws_security_group_rule.workers_ingress_cluster_primary",
            "module.my-eks-cluster.aws_security_group_rule.workers_ingress_self",
            "module.my-eks-cluster.data.aws_ami.eks_worker",
            "module.my-eks-cluster.data.aws_ami.eks_worker_windows",
            "module.my-eks-cluster.data.aws_iam_instance_profile.custom_worker_group_iam_instance_profile",
            "module.my-eks-cluster.data.aws_iam_policy_document.cluster_assume_role_policy",
            "module.my-eks-cluster.data.aws_iam_policy_document.workers_assume_role_policy",
            "module.my-eks-cluster.data.aws_iam_role.custom_cluster_iam_role",
            "module.my-eks-cluster.data.aws_partition.current",
            "module.my-eks-cluster.data.template_file.userdata"
          ],
          "create_before_destroy": true
        }
      ]
    },
    {
      "module": "module.my-eks-cluster",
      "mode": "managed",
      "type": "aws_security_group",
      "name": "cluster",
      "provider": "provider[\"registry.terraform.io/hashicorp/aws\"]",
      "instances": [
        {
          "index_key": 0,
          "schema_version": 1,
          "attributes": {
            "arn": "arn:aws:ec2:us-east-1:341422841066:security-group/sg-0326f197ad8c7333c",
            "description": "EKS cluster security group.",
            "egress": [],
            "id": "sg-0326f197ad8c7333c",
            "ingress": [],
            "name": "my-eks-cluster20201107225412922000000007",
            "name_prefix": "my-eks-cluster",
            "owner_id": "341422841066",
            "revoke_rules_on_delete": false,
            "tags": {
              "Name": "my-eks-cluster-eks_cluster_sg"
            },
            "timeouts": null,
            "vpc_id": "vpc-0cbd7b0146f9cba0d"
          },
          "private": "eyJlMmJmYjczMC1lY2FhLTExZTYtOGY4OC0zNDM2M2JjN2M0YzAiOnsiY3JlYXRlIjo2MDAwMDAwMDAwMDAsImRlbGV0ZSI6NjAwMDAwMDAwMDAwfSwic2NoZW1hX3ZlcnNpb24iOiIxIn0=",
          "dependencies": [
            "module.eksvpc.aws_vpc.this"
          ],
          "create_before_destroy": true
        }
      ]
    },
    {
      "module": "module.my-eks-cluster",
      "mode": "managed",
      "type": "aws_security_group",
      "name": "workers",
      "provider": "provider[\"registry.terraform.io/hashicorp/aws\"]",
      "instances": [
        {
          "index_key": 0,
          "schema_version": 1,
          "attributes": {
            "arn": "arn:aws:ec2:us-east-1:341422841066:security-group/sg-0a37cd13845396f4a",
            "description": "Security group for all nodes in the cluster.",
            "egress": [],
            "id": "sg-0a37cd13845396f4a",
            "ingress": [],
            "name": "my-eks-cluster20201107225413030400000008",
            "name_prefix": "my-eks-cluster",
            "owner_id": "341422841066",
            "revoke_rules_on_delete": false,
            "tags": {
              "Name": "my-eks-cluster-eks_worker_sg",
              "kubernetes.io/cluster/my-eks-cluster": "owned"
            },
            "timeouts": null,
            "vpc_id": "vpc-0cbd7b0146f9cba0d"
          },
          "private": "eyJlMmJmYjczMC1lY2FhLTExZTYtOGY4OC0zNDM2M2JjN2M0YzAiOnsiY3JlYXRlIjo2MDAwMDAwMDAwMDAsImRlbGV0ZSI6NjAwMDAwMDAwMDAwfSwic2NoZW1hX3ZlcnNpb24iOiIxIn0=",
          "dependencies": [
            "module.eksvpc.aws_vpc.this"
          ],
          "create_before_destroy": true
        }
      ]
    },
    {
      "module": "module.my-eks-cluster",
      "mode": "managed",
      "type": "aws_security_group_rule",
      "name": "cluster_egress_internet",
      "provider": "provider[\"registry.terraform.io/hashicorp/aws\"]",
      "instances": [
        {
          "index_key": 0,
          "schema_version": 2,
          "attributes": {
            "cidr_blocks": [
              "0.0.0.0/0"
            ],
            "description": "Allow cluster egress access to the Internet.",
            "from_port": 0,
            "id": "sgrule-1205565522",
            "ipv6_cidr_blocks": null,
            "prefix_list_ids": null,
            "protocol": "-1",
            "security_group_id": "sg-0326f197ad8c7333c",
            "self": false,
            "source_security_group_id": null,
            "to_port": 0,
            "type": "egress"
          },
          "private": "eyJzY2hlbWFfdmVyc2lvbiI6IjIifQ==",
          "dependencies": [
            "module.eksvpc.aws_vpc.this",
            "module.my-eks-cluster.aws_security_group.cluster"
          ],
          "create_before_destroy": true
        }
      ]
    },
    {
      "module": "module.my-eks-cluster",
      "mode": "managed",
      "type": "aws_security_group_rule",
      "name": "cluster_https_worker_ingress",
      "provider": "provider[\"registry.terraform.io/hashicorp/aws\"]",
      "instances": [
        {
          "index_key": 0,
          "schema_version": 2,
          "attributes": {
            "cidr_blocks": null,
            "description": "Allow pods to communicate with the EKS cluster API.",
            "from_port": 443,
            "id": "sgrule-311966665",
            "ipv6_cidr_blocks": null,
            "prefix_list_ids": null,
            "protocol": "tcp",
            "security_group_id": "sg-0326f197ad8c7333c",
            "self": false,
            "source_security_group_id": "sg-0a37cd13845396f4a",
            "to_port": 443,
            "type": "ingress"
          },
          "private": "eyJzY2hlbWFfdmVyc2lvbiI6IjIifQ==",
          "dependencies": [
            "module.eksvpc.aws_vpc.this",
            "module.my-eks-cluster.aws_security_group.cluster",
            "module.my-eks-cluster.aws_security_group.workers"
          ],
          "create_before_destroy": true
        }
      ]
    },
    {
      "module": "module.my-eks-cluster",
      "mode": "managed",
      "type": "aws_security_group_rule",
      "name": "workers_egress_internet",
      "provider": "provider[\"registry.terraform.io/hashicorp/aws\"]",
      "instances": [
        {
          "index_key": 0,
          "schema_version": 2,
          "attributes": {
            "cidr_blocks": [
              "0.0.0.0/0"
            ],
            "description": "Allow nodes all egress to the Internet.",
            "from_port": 0,
            "id": "sgrule-3401681718",
            "ipv6_cidr_blocks": null,
            "prefix_list_ids": null,
            "protocol": "-1",
            "security_group_id": "sg-0a37cd13845396f4a",
            "self": false,
            "source_security_group_id": null,
            "to_port": 0,
            "type": "egress"
          },
          "private": "eyJzY2hlbWFfdmVyc2lvbiI6IjIifQ==",
          "dependencies": [
            "module.eksvpc.aws_vpc.this",
            "module.my-eks-cluster.aws_security_group.workers"
          ],
          "create_before_destroy": true
        }
      ]
    },
    {
      "module": "module.my-eks-cluster",
      "mode": "managed",
      "type": "aws_security_group_rule",
      "name": "workers_ingress_cluster",
      "provider": "provider[\"registry.terraform.io/hashicorp/aws\"]",
      "instances": [
        {
          "index_key": 0,
          "schema_version": 2,
          "attributes": {
            "cidr_blocks": null,
            "description": "Allow workers pods to receive communication from the cluster control plane.",
            "from_port": 1025,
            "id": "sgrule-627794619",
            "ipv6_cidr_blocks": null,
            "prefix_list_ids": null,
            "protocol": "tcp",
            "security_group_id": "sg-0a37cd13845396f4a",
            "self": false,
            "source_security_group_id": "sg-0326f197ad8c7333c",
            "to_port": 65535,
            "type": "ingress"
          },
          "private": "eyJzY2hlbWFfdmVyc2lvbiI6IjIifQ==",
          "dependencies": [
            "module.eksvpc.aws_vpc.this",
            "module.my-eks-cluster.aws_security_group.cluster",
            "module.my-eks-cluster.aws_security_group.workers"
          ],
          "create_before_destroy": true
        }
      ]
    },
    {
      "module": "module.my-eks-cluster",
      "mode": "managed",
      "type": "aws_security_group_rule",
      "name": "workers_ingress_cluster_https",
      "provider": "provider[\"registry.terraform.io/hashicorp/aws\"]",
      "instances": [
        {
          "index_key": 0,
          "schema_version": 2,
          "attributes": {
            "cidr_blocks": null,
            "description": "Allow pods running extension API servers on port 443 to receive communication from cluster control plane.",
            "from_port": 443,
            "id": "sgrule-1990452870",
            "ipv6_cidr_blocks": null,
            "prefix_list_ids": null,
            "protocol": "tcp",
            "security_group_id": "sg-0a37cd13845396f4a",
            "self": false,
            "source_security_group_id": "sg-0326f197ad8c7333c",
            "to_port": 443,
            "type": "ingress"
          },
          "private": "eyJzY2hlbWFfdmVyc2lvbiI6IjIifQ==",
          "dependencies": [
            "module.eksvpc.aws_vpc.this",
            "module.my-eks-cluster.aws_security_group.cluster",
            "module.my-eks-cluster.aws_security_group.workers"
          ],
          "create_before_destroy": true
        }
      ]
    },
    {
      "module": "module.my-eks-cluster",
      "mode": "managed",
      "type": "aws_security_group_rule",
      "name": "workers_ingress_self",
      "provider": "provider[\"registry.terraform.io/hashicorp/aws\"]",
      "instances": [
        {
          "index_key": 0,
          "schema_version": 2,
          "attributes": {
            "cidr_blocks": null,
            "description": "Allow node to communicate with each other.",
            "from_port": 0,
            "id": "sgrule-2335951238",
            "ipv6_cidr_blocks": null,
            "prefix_list_ids": null,
            "protocol": "-1",
            "security_group_id": "sg-0a37cd13845396f4a",
            "self": false,
            "source_security_group_id": "sg-0a37cd13845396f4a",
            "to_port": 65535,
            "type": "ingress"
          },
          "private": "eyJzY2hlbWFfdmVyc2lvbiI6IjIifQ==",
          "dependencies": [
            "module.eksvpc.aws_vpc.this",
            "module.my-eks-cluster.aws_security_group.workers"
          ],
          "create_before_destroy": true
        }
      ]
    },
    {
      "module": "module.my-eks-cluster",
      "mode": "managed",
      "type": "kubernetes_config_map",
      "name": "aws_auth",
      "provider": "provider[\"registry.terraform.io/hashicorp/kubernetes\"]",
      "instances": [
        {
          "index_key": 0,
          "schema_version": 0,
          "attributes": {
            "binary_data": null,
            "data": {
              "mapAccounts": "[]\n",
              "mapRoles": "- \"groups\":\n  - \"system:bootstrappers\"\n  - \"system:nodes\"\n  \"rolearn\": \"arn:aws:iam::341422841066:role/my-eks-cluster20201107230918305300000009\"\n  \"username\": \"system:node:{{EC2PrivateDNSName}}\"\n- \"groups\":\n  - \"system:bootstrappers\"\n  - \"system:nodes\"\n  - \"system:node-proxier\"\n  \"rolearn\": \"\"\n  \"username\": \"system:node:{{SessionName}}\"\n",
              "mapUsers": "[]\n"
            },
            "id": "kube-system/aws-auth",
            "metadata": [
              {
                "annotations": null,
                "generate_name": "",
                "generation": 0,
                "labels": {
                  "app.kubernetes.io/managed-by": "Terraform",
                  "terraform.io/module": "terraform-aws-modules.eks.aws"
                },
                "name": "aws-auth",
                "namespace": "kube-system",
                "resource_version": "988",
                "self_link": "/api/v1/namespaces/kube-system/configmaps/aws-auth",
                "uid": "6a80a156-5d2e-4f58-8140-0b1527fa7edc"
              }
            ]
          },
          "private": "bnVsbA==",
          "dependencies": [
            "data.aws_eks_cluster.cluster",
            "data.aws_eks_cluster_auth.cluster",
            "module.eksvpc.aws_subnet.private",
            "module.eksvpc.aws_vpc.this",
            "module.eksvpc.aws_vpc_ipv4_cidr_block_association.this",
            "module.my-eks-cluster.aws_cloudwatch_log_group.this",
            "module.my-eks-cluster.aws_eks_cluster.this",
            "module.my-eks-cluster.aws_iam_instance_profile.workers",
            "module.my-eks-cluster.aws_iam_instance_profile.workers_launch_template",
            "module.my-eks-cluster.aws_iam_role.cluster",
            "module.my-eks-cluster.aws_iam_role.workers",
            "module.my-eks-cluster.aws_iam_role_policy_attachment.cluster_AmazonEKSClusterPolicy",
            "module.my-eks-cluster.aws_iam_role_policy_attachment.cluster_AmazonEKSServicePolicy",
            "module.my-eks-cluster.aws_iam_role_policy_attachment.cluster_AmazonEKSVPCResourceControllerPolicy",
            "module.my-eks-cluster.aws_security_group.cluster",
            "module.my-eks-cluster.aws_security_group.workers",
            "module.my-eks-cluster.aws_security_group_rule.cluster_egress_internet",
            "module.my-eks-cluster.aws_security_group_rule.cluster_https_worker_ingress",
            "module.my-eks-cluster.aws_security_group_rule.cluster_private_access",
            "module.my-eks-cluster.data.aws_ami.eks_worker",
            "module.my-eks-cluster.data.aws_caller_identity.current",
            "module.my-eks-cluster.data.aws_iam_instance_profile.custom_worker_group_iam_instance_profile",
            "module.my-eks-cluster.data.aws_iam_instance_profile.custom_worker_group_launch_template_iam_instance_profile",
            "module.my-eks-cluster.data.aws_iam_policy_document.cluster_assume_role_policy",
            "module.my-eks-cluster.data.aws_iam_policy_document.workers_assume_role_policy",
            "module.my-eks-cluster.data.aws_iam_role.custom_cluster_iam_role",
            "module.my-eks-cluster.data.aws_partition.current",
            "module.my-eks-cluster.module.fargate.aws_iam_role.eks_fargate_pod",
            "module.my-eks-cluster.module.fargate.data.aws_iam_role.custom_fargate_iam_role",
            "module.my-eks-cluster.null_resource.wait_for_cluster"
          ]
        }
      ]
    },
    {
      "module": "module.my-eks-cluster",
      "mode": "managed",
      "type": "local_file",
      "name": "kubeconfig",
      "provider": "provider[\"registry.terraform.io/hashicorp/local\"]",
      "instances": [
        {
          "index_key": 0,
          "schema_version": 0,
          "attributes": {
            "content": "apiVersion: v1\npreferences: {}\nkind: Config\n\nclusters:\n- cluster:\n    server: https://82E66C14E9B7EF683F3812A288F50D40.gr7.us-east-1.eks.amazonaws.com\n    certificate-authority-data: LS0tLS1CRUdJTiBDRVJUSUZJQ0FURS0tLS0tCk1JSUN5RENDQWJDZ0F3SUJBZ0lCQURBTkJna3Foa2lHOXcwQkFRc0ZBREFWTVJNd0VRWURWUVFERXdwcmRXSmwKY201bGRHVnpNQjRYRFRJd01URXdOekl6TURNMU4xb1hEVE13TVRFd05USXpNRE0xTjFvd0ZURVRNQkVHQTFVRQpBeE1LYTNWaVpYSnVaWFJsY3pDQ0FTSXdEUVlKS29aSWh2Y05BUUVCQlFBRGdnRVBBRENDQVFvQ2dnRUJBTEY0ClhOS0FPUityRkUwOEpqU2xBeW1pc2lNeWZlYjdjbGNmL1FsRVNpWDNCa1ViZTdEOGVNdS93MGJWOWM2T3ZaMTAKTHh6RE9mS21pT1IzVVdiSHZ5anZ4bmJxZVdiZDI0K2FFZnhJYVNjbVUyT0lscmhpMDBoaWlMVVVTa0tDbFo1ZQo4dEJWOW1rdU1vNC95dCtxMG5kZTNBYlBrZ3R1cENXbWd3NVhlR1RrSFRKWXl3MTlsc0lkbmlMR2hvcHNiaFJPCktTOWFlYVhLUW1ZVFBpNmtOckdyTGhKY1pqTkhyQ2tpY1hMVzNIaTg1UUx1M003a2ZkQzYzeEgxVmkvVHdMV2YKUmVUWG1KYkhtOWNNSk1pbVJGZmVLdlZUeUVCb2JSZDg5TFQ5ajZLWU5WSzRjY3VLeDhLaU9SZnNmeER2RlRYRApEUnNpUy91ZWJYZkZRQi9zeFFjQ0F3RUFBYU1qTUNFd0RnWURWUjBQQVFIL0JBUURBZ0trTUE4R0ExVWRFd0VCCi93UUZNQU1CQWY4d0RRWUpLb1pJaHZjTkFRRUxCUUFEZ2dFQkFLb0lVQWhRQjBuTlJNZlRKdGh3a3RLQW5YRUkKaDliWndzekVaWGp1NU56OTFSSytuOUNtM3N4QitaeVB3enlNbU9vM1pBY01HR2pxTXdpM0ZYNG82NGdxcFB0eQo1aER3M0RUV2JlYStmYjFBb1h6cW5Bc01rbmpaU0lwU0w4eEpJUEtPekFwbVdhdnpvT2dXOUJpVHQxM0ZURGx3Cm54YzFvOGpKNGtZL2tEWTRLYmZqOFZMUk41Q25nZ244MjdKdWNmWU5zOHhvVU9xQ1lZeWlldjFvekhwOEpkcVIKKytybVFxeGsxZ0cyQ1RZWWJxUXBpdWRuWk9CZHJUMmMwNjZBUThVZVRCL2Z3ekRNVW5jdzB3Q3dVYzhmL3huNwpGSy92cmVkQTUvTUhJTVovdm5xcTRseVlEZkd2NFU1WElpbFdHcUY0eG1qSXFtV0NiZnovdThmNUlJST0KLS0tLS1FTkQgQ0VSVElGSUNBVEUtLS0tLQo=\n  name: eks_my-eks-cluster\n\ncontexts:\n- context:\n    cluster: eks_my-eks-cluster\n    user: eks_my-eks-cluster\n  name: eks_my-eks-cluster\n\ncurrent-context: eks_my-eks-cluster\n\nusers:\n- name: eks_my-eks-cluster\n  user:\n    exec:\n      apiVersion: client.authentication.k8s.io/v1alpha1\n      command: aws-iam-authenticator\n      args:\n        - \"token\"\n        - \"-i\"\n        - \"my-eks-cluster\"\n",
            "content_base64": null,
            "directory_permission": "0755",
            "file_permission": "0644",
            "filename": "./kubeconfig_my-eks-cluster",
            "id": "1757671060879303eb3e2c2dafedbeb7b509878e",
            "sensitive_content": null,
            "source": null
          },
          "private": "bnVsbA==",
          "dependencies": [
            "module.eksvpc.aws_subnet.private",
            "module.eksvpc.aws_vpc.this",
            "module.eksvpc.aws_vpc_ipv4_cidr_block_association.this",
            "module.my-eks-cluster.aws_cloudwatch_log_group.this",
            "module.my-eks-cluster.aws_eks_cluster.this",
            "module.my-eks-cluster.aws_iam_role.cluster",
            "module.my-eks-cluster.aws_iam_role_policy_attachment.cluster_AmazonEKSClusterPolicy",
            "module.my-eks-cluster.aws_iam_role_policy_attachment.cluster_AmazonEKSServicePolicy",
            "module.my-eks-cluster.aws_iam_role_policy_attachment.cluster_AmazonEKSVPCResourceControllerPolicy",
            "module.my-eks-cluster.aws_security_group.cluster",
            "module.my-eks-cluster.aws_security_group.workers",
            "module.my-eks-cluster.aws_security_group_rule.cluster_egress_internet",
            "module.my-eks-cluster.aws_security_group_rule.cluster_https_worker_ingress",
            "module.my-eks-cluster.data.aws_iam_policy_document.cluster_assume_role_policy",
            "module.my-eks-cluster.data.aws_iam_role.custom_cluster_iam_role",
            "module.my-eks-cluster.data.aws_partition.current"
          ]
        }
      ]
    },
    {
      "module": "module.my-eks-cluster",
      "mode": "managed",
      "type": "null_resource",
      "name": "wait_for_cluster",
      "provider": "provider[\"registry.terraform.io/hashicorp/null\"]",
      "instances": [
        {
          "index_key": 0,
          "schema_version": 0,
          "attributes": {
            "id": "3123119968307330526",
            "triggers": null
          },
          "private": "bnVsbA==",
          "dependencies": [
            "module.eksvpc.aws_subnet.private",
            "module.eksvpc.aws_vpc.this",
            "module.eksvpc.aws_vpc_ipv4_cidr_block_association.this",
            "module.my-eks-cluster.aws_cloudwatch_log_group.this",
            "module.my-eks-cluster.aws_eks_cluster.this",
            "module.my-eks-cluster.aws_iam_role.cluster",
            "module.my-eks-cluster.aws_iam_role_policy_attachment.cluster_AmazonEKSClusterPolicy",
            "module.my-eks-cluster.aws_iam_role_policy_attachment.cluster_AmazonEKSServicePolicy",
            "module.my-eks-cluster.aws_iam_role_policy_attachment.cluster_AmazonEKSVPCResourceControllerPolicy",
            "module.my-eks-cluster.aws_security_group.cluster",
            "module.my-eks-cluster.aws_security_group.workers",
            "module.my-eks-cluster.aws_security_group_rule.cluster_egress_internet",
            "module.my-eks-cluster.aws_security_group_rule.cluster_https_worker_ingress",
            "module.my-eks-cluster.aws_security_group_rule.cluster_private_access",
            "module.my-eks-cluster.data.aws_iam_policy_document.cluster_assume_role_policy",
            "module.my-eks-cluster.data.aws_iam_role.custom_cluster_iam_role",
            "module.my-eks-cluster.data.aws_partition.current"
          ]
        }
      ]
    },
    {
      "module": "module.my-eks-cluster",
      "mode": "managed",
      "type": "random_pet",
      "name": "workers",
      "provider": "provider[\"registry.terraform.io/hashicorp/random\"]",
      "instances": [
        {
          "index_key": 0,
          "schema_version": 0,
          "attributes": {
            "id": "flowing-feline",
            "keepers": {
              "lc_name": "my-eks-cluster-02020110723091985700000000e"
            },
            "length": 2,
            "prefix": null,
            "separator": "-"
          },
          "private": "bnVsbA==",
          "dependencies": [
            "module.eksvpc.aws_subnet.private",
            "module.eksvpc.aws_vpc.this",
            "module.eksvpc.aws_vpc_ipv4_cidr_block_association.this",
            "module.my-eks-cluster.aws_cloudwatch_log_group.this",
            "module.my-eks-cluster.aws_eks_cluster.this",
            "module.my-eks-cluster.aws_iam_instance_profile.workers",
            "module.my-eks-cluster.aws_iam_role.cluster",
            "module.my-eks-cluster.aws_iam_role.workers",
            "module.my-eks-cluster.aws_iam_role_policy_attachment.cluster_AmazonEKSClusterPolicy",
            "module.my-eks-cluster.aws_iam_role_policy_attachment.cluster_AmazonEKSServicePolicy",
            "module.my-eks-cluster.aws_iam_role_policy_attachment.cluster_AmazonEKSVPCResourceControllerPolicy",
            "module.my-eks-cluster.aws_iam_role_policy_attachment.workers_AmazonEC2ContainerRegistryReadOnly",
            "module.my-eks-cluster.aws_iam_role_policy_attachment.workers_AmazonEKSWorkerNodePolicy",
            "module.my-eks-cluster.aws_iam_role_policy_attachment.workers_AmazonEKS_CNI_Policy",
            "module.my-eks-cluster.aws_iam_role_policy_attachment.workers_additional_policies",
            "module.my-eks-cluster.aws_launch_configuration.workers",
            "module.my-eks-cluster.aws_security_group.cluster",
            "module.my-eks-cluster.aws_security_group.workers",
            "module.my-eks-cluster.aws_security_group_rule.cluster_egress_internet",
            "module.my-eks-cluster.aws_security_group_rule.cluster_https_worker_ingress",
            "module.my-eks-cluster.aws_security_group_rule.cluster_primary_ingress_workers",
            "module.my-eks-cluster.aws_security_group_rule.workers_egress_internet",
            "module.my-eks-cluster.aws_security_group_rule.workers_ingress_cluster",
            "module.my-eks-cluster.aws_security_group_rule.workers_ingress_cluster_https",
            "module.my-eks-cluster.aws_security_group_rule.workers_ingress_cluster_kubelet",
            "module.my-eks-cluster.aws_security_group_rule.workers_ingress_cluster_primary",
            "module.my-eks-cluster.aws_security_group_rule.workers_ingress_self",
            "module.my-eks-cluster.data.aws_ami.eks_worker",
            "module.my-eks-cluster.data.aws_ami.eks_worker_windows",
            "module.my-eks-cluster.data.aws_iam_instance_profile.custom_worker_group_iam_instance_profile",
            "module.my-eks-cluster.data.aws_iam_policy_document.cluster_assume_role_policy",
            "module.my-eks-cluster.data.aws_iam_policy_document.workers_assume_role_policy",
            "module.my-eks-cluster.data.aws_iam_role.custom_cluster_iam_role",
            "module.my-eks-cluster.data.aws_partition.current",
            "module.my-eks-cluster.data.template_file.userdata"
          ],
          "create_before_destroy": true
        }
      ]
    }
  ]
}
